Microsoft Visual Studio Solution File, Format Version 12.00
# Visual Studio 14
VisualStudioVersion = 14.0.25420.1
MinimumVisualStudioVersion = 10.0.40219.1
Project("{2150E333-8FDC-42A3-9474-1A3956D46DE8}") = "(common_audio)", "(common_audio)", "{F4DBC581-D1BC-0F15-B59D-4DD93B16A165}"
EndProject
Project("{2150E333-8FDC-42A3-9474-1A3956D46DE8}") = "(modules)", "(modules)", "{D7F6AEC4-7DF6-3BA0-9018-2938860660D1}"
EndProject
Project("{2150E333-8FDC-42A3-9474-1A3956D46DE8}") = "(source)", "(source)", "{38B7683E-6F16-B5E1-5F7D-9D2F85A33684}"
EndProject
Project("{2150E333-8FDC-42A3-9474-1A3956D46DE8}") = "(system_wrappers)", "(system_wrappers)", "{C22DCE09-BE8E-C79C-FFD0-C3927B546C91}"
EndProject
Project("{2150E333-8FDC-42A3-9474-1A3956D46DE8}") = "(third_party)", "(third_party)", "{89C816A7-DD31-D54C-C69C-5A80E0C49B77}"
EndProject
Project("{2150E333-8FDC-42A3-9474-1A3956D46DE8}") = "(voice_engine)", "(voice_engine)", "{C6072D03-1C5B-73BF-5FBE-CBC33489C980}"
	ProjectSection(SolutionItems) = preProject
		webrtc\voice_engine\voe_mixer_impl.cc = webrtc\voice_engine\voe_mixer_impl.cc
		webrtc\voice_engine\voe_mixer_impl.h = webrtc\voice_engine\voe_mixer_impl.h
	EndProjectSection
EndProject
Project("{2150E333-8FDC-42A3-9474-1A3956D46DE8}") = "(webrtc)", "(webrtc)", "{FB3E20CC-9516-F7D2-EFF7-C27ABDCA54B9}"
EndProject
Project("{2150E333-8FDC-42A3-9474-1A3956D46DE8}") = "(winsdk_samples)", "(winsdk_samples)", "{5FDB3770-9872-E2DA-794F-F7AB293683D6}"
EndProject
Project("{8BC9CEB8-8B4A-11D0-8D11-00A0C91BC942}") = "CNG", "webrtc\modules\CNG.vcxproj", "{F4C04D4F-862A-B991-191C-3130EE0383A9}"
EndProject
Project("{8BC9CEB8-8B4A-11D0-8D11-00A0C91BC942}") = "G711", "webrtc\modules\G711.vcxproj", "{89689CDD-9EE1-09BA-3C98-5D734CBCF867}"
EndProject
Project("{8BC9CEB8-8B4A-11D0-8D11-00A0C91BC942}") = "G722", "webrtc\modules\G722.vcxproj", "{56B0265B-1DD5-ED91-AA73-05CFB44FCBF6}"
EndProject
Project("{8BC9CEB8-8B4A-11D0-8D11-00A0C91BC942}") = "NetEq", "webrtc\modules\NetEq.vcxproj", "{161908BA-AB03-702C-020B-CDD3FCC2BF84}"
EndProject
Project("{8BC9CEB8-8B4A-11D0-8D11-00A0C91BC942}") = "PCM16B", "webrtc\modules\PCM16B.vcxproj", "{DC151AB1-6B87-E2A7-3237-8A709F4BD17B}"
EndProject
Project("{8BC9CEB8-8B4A-11D0-8D11-00A0C91BC942}") = "audio_coding_module", "webrtc\modules\audio_coding_module.vcxproj", "{5F19BA4A-AA17-DF39-8954-EE75EAA3986D}"
EndProject
Project("{8BC9CEB8-8B4A-11D0-8D11-00A0C91BC942}") = "audio_conference_mixer", "webrtc\modules\audio_conference_mixer.vcxproj", "{E5C7533B-58D9-22E2-5BD5-29CB661693A4}"
EndProject
Project("{8BC9CEB8-8B4A-11D0-8D11-00A0C91BC942}") = "audio_device", "webrtc\modules\audio_device.vcxproj", "{341C17EA-D828-225C-2A61-B5F654E0C321}"
EndProject
Project("{8BC9CEB8-8B4A-11D0-8D11-00A0C91BC942}") = "audio_processing", "webrtc\modules\audio_processing.vcxproj", "{726FC020-FB76-E915-D270-CDCD382D7BE1}"
EndProject
Project("{8BC9CEB8-8B4A-11D0-8D11-00A0C91BC942}") = "audio_processing_sse2", "webrtc\modules\audio_processing_sse2.vcxproj", "{059F9BD4-EF7C-45D2-D468-05BBAF1F77A2}"
EndProject
Project("{8BC9CEB8-8B4A-11D0-8D11-00A0C91BC942}") = "directshow_baseclasses", "third_party\winsdk_samples\directshow_baseclasses.vcxproj", "{BEB6FA65-87B5-CEFD-3C9E-66A29DF44EA4}"
EndProject
Project("{8BC9CEB8-8B4A-11D0-8D11-00A0C91BC942}") = "iLBC", "webrtc\modules\iLBC.vcxproj", "{697BA84F-589A-9A20-1A24-0650830CD6EE}"
EndProject
Project("{8BC9CEB8-8B4A-11D0-8D11-00A0C91BC942}") = "iSAC", "webrtc\modules\iSAC.vcxproj", "{6EBE03AA-E16A-F851-C823-8627B212D61C}"
EndProject
Project("{8BC9CEB8-8B4A-11D0-8D11-00A0C91BC942}") = "iSACFix", "webrtc\modules\iSACFix.vcxproj", "{AF542A37-483A-FD38-C210-773E698549BF}"
EndProject
Project("{8BC9CEB8-8B4A-11D0-8D11-00A0C91BC942}") = "media_file", "webrtc\modules\media_file.vcxproj", "{553E6A63-3517-D85C-C3AF-18CADDE6EB74}"
EndProject
Project("{8BC9CEB8-8B4A-11D0-8D11-00A0C91BC942}") = "opus", "third_party\opus\opus.vcxproj", "{12350606-1351-B3A3-03A0-9976B3E17B5F}"
EndProject
Project("{8BC9CEB8-8B4A-11D0-8D11-00A0C91BC942}") = "paced_sender", "webrtc\modules\paced_sender.vcxproj", "{442EF70C-A9E2-D85A-4B26-E145DBC6369C}"
EndProject
Project("{8BC9CEB8-8B4A-11D0-8D11-00A0C91BC942}") = "resampler", "webrtc\common_audio\resampler.vcxproj", "{4B1C2751-58EF-CDD4-8799-67A67A431EC7}"
EndProject
Project("{8BC9CEB8-8B4A-11D0-8D11-00A0C91BC942}") = "rtp_rtcp", "webrtc\modules\rtp_rtcp.vcxproj", "{AF1AFD39-49B4-3134-9F33-0E91A1DA66A3}"
EndProject
Project("{8BC9CEB8-8B4A-11D0-8D11-00A0C91BC942}") = "signal_processing", "webrtc\common_audio\signal_processing.vcxproj", "{5F8D8819-7373-80B5-F1CF-D779E158BF60}"
EndProject
Project("{8BC9CEB8-8B4A-11D0-8D11-00A0C91BC942}") = "system_wrappers", "webrtc\system_wrappers\source\system_wrappers.vcxproj", "{02D22F17-FF28-15FE-59C2-7DE99730061D}"
EndProject
Project("{8BC9CEB8-8B4A-11D0-8D11-00A0C91BC942}") = "udp_transport", "webrtc\modules\udp_transport.vcxproj", "{AC0583F5-4FA3-6F46-60F9-A23BA2481081}"
EndProject
Project("{8BC9CEB8-8B4A-11D0-8D11-00A0C91BC942}") = "vad", "webrtc\common_audio\vad.vcxproj", "{CBBB14C8-AAA0-F8D8-5CFD-9CDFF0891BDE}"
EndProject
Project("{8BC9CEB8-8B4A-11D0-8D11-00A0C91BC942}") = "voe_ui_win_test", "webrtc\voice_engine\voe_ui_win_test.vcxproj", "{B3FFD49C-AACB-5DBF-5DAC-247755367DF8}"
EndProject
Project("{8BC9CEB8-8B4A-11D0-8D11-00A0C91BC942}") = "voice_engine_core", "webrtc\voice_engine\voice_engine_core.vcxproj", "{C46FABD2-CF31-0C3D-02B8-FBD58AAB8E57}"
EndProject
Project("{8BC9CEB8-8B4A-11D0-8D11-00A0C91BC942}") = "webrtc_opus", "webrtc\modules\webrtc_opus.vcxproj", "{72DCFCB9-2E3A-EDF7-FE61-A2C55E0E37D7}"
EndProject
Project("{8BC9CEB8-8B4A-11D0-8D11-00A0C91BC942}") = "webrtc_utility", "webrtc\modules\webrtc_utility.vcxproj", "{B251B3D6-9154-872B-F049-5285E5319D4F}"
EndProject
Project("{8BC9CEB8-8B4A-11D0-8D11-00A0C91BC942}") = "libspeex", "third_party\speex-1.2rc1\win32\VS2005\libspeex\libspeex.vcxproj", "{E972C52F-9E85-4D65-B19C-031E511E9DB4}"
EndProject
Project("{8BC9CEB8-8B4A-11D0-8D11-00A0C91BC942}") = "libspeexdsp", "third_party\speex-1.2rc1\win32\VS2005\libspeexdsp\libspeexdsp.vcxproj", "{E42FDC95-7243-4219-9EA4-ACCE4AB97197}"
EndProject
Project("{8BC9CEB8-8B4A-11D0-8D11-00A0C91BC942}") = "amrnb", "third_party\amrnb\amrnb.vcxproj", "{D5B5F38F-C5FE-4728-9AF7-EC3C36C984DB}"
EndProject
Project("{8BC9CEB8-8B4A-11D0-8D11-00A0C91BC942}") = "mixer_test", "webrtc\modules\mixer_test.vcxproj", "{6A088D44-3F28-43C5-9962-7DC0129ACCE6}"
EndProject
Global
	GlobalSection(SolutionConfigurationPlatforms) = preSolution
		Debug|Win32 = Debug|Win32
		Release|Win32 = Release|Win32
	EndGlobalSection
	GlobalSection(ProjectConfigurationPlatforms) = postSolution
		{F4C04D4F-862A-B991-191C-3130EE0383A9}.Debug|Win32.ActiveCfg = Debug|Win32
		{F4C04D4F-862A-B991-191C-3130EE0383A9}.Debug|Win32.Build.0 = Debug|Win32
		{F4C04D4F-862A-B991-191C-3130EE0383A9}.Release|Win32.ActiveCfg = Release|Win32
		{F4C04D4F-862A-B991-191C-3130EE0383A9}.Release|Win32.Build.0 = Release|Win32
		{89689CDD-9EE1-09BA-3C98-5D734CBCF867}.Debug|Win32.ActiveCfg = Debug|Win32
		{89689CDD-9EE1-09BA-3C98-5D734CBCF867}.Debug|Win32.Build.0 = Debug|Win32
		{89689CDD-9EE1-09BA-3C98-5D734CBCF867}.Release|Win32.ActiveCfg = Release|Win32
		{89689CDD-9EE1-09BA-3C98-5D734CBCF867}.Release|Win32.Build.0 = Release|Win32
		{56B0265B-1DD5-ED91-AA73-05CFB44FCBF6}.Debug|Win32.ActiveCfg = Debug|Win32
		{56B0265B-1DD5-ED91-AA73-05CFB44FCBF6}.Debug|Win32.Build.0 = Debug|Win32
		{56B0265B-1DD5-ED91-AA73-05CFB44FCBF6}.Release|Win32.ActiveCfg = Release|Win32
		{56B0265B-1DD5-ED91-AA73-05CFB44FCBF6}.Release|Win32.Build.0 = Release|Win32
		{161908BA-AB03-702C-020B-CDD3FCC2BF84}.Debug|Win32.ActiveCfg = Debug|Win32
		{161908BA-AB03-702C-020B-CDD3FCC2BF84}.Debug|Win32.Build.0 = Debug|Win32
		{161908BA-AB03-702C-020B-CDD3FCC2BF84}.Release|Win32.ActiveCfg = Release|Win32
		{161908BA-AB03-702C-020B-CDD3FCC2BF84}.Release|Win32.Build.0 = Release|Win32
		{DC151AB1-6B87-E2A7-3237-8A709F4BD17B}.Debug|Win32.ActiveCfg = Debug|Win32
		{DC151AB1-6B87-E2A7-3237-8A709F4BD17B}.Debug|Win32.Build.0 = Debug|Win32
		{DC151AB1-6B87-E2A7-3237-8A709F4BD17B}.Release|Win32.ActiveCfg = Release|Win32
		{DC151AB1-6B87-E2A7-3237-8A709F4BD17B}.Release|Win32.Build.0 = Release|Win32
		{5F19BA4A-AA17-DF39-8954-EE75EAA3986D}.Debug|Win32.ActiveCfg = Debug|Win32
		{5F19BA4A-AA17-DF39-8954-EE75EAA3986D}.Debug|Win32.Build.0 = Debug|Win32
		{5F19BA4A-AA17-DF39-8954-EE75EAA3986D}.Release|Win32.ActiveCfg = Release|Win32
		{5F19BA4A-AA17-DF39-8954-EE75EAA3986D}.Release|Win32.Build.0 = Release|Win32
		{E5C7533B-58D9-22E2-5BD5-29CB661693A4}.Debug|Win32.ActiveCfg = Debug|Win32
		{E5C7533B-58D9-22E2-5BD5-29CB661693A4}.Debug|Win32.Build.0 = Debug|Win32
		{E5C7533B-58D9-22E2-5BD5-29CB661693A4}.Release|Win32.ActiveCfg = Release|Win32
		{E5C7533B-58D9-22E2-5BD5-29CB661693A4}.Release|Win32.Build.0 = Release|Win32
		{341C17EA-D828-225C-2A61-B5F654E0C321}.Debug|Win32.ActiveCfg = Debug|Win32
		{341C17EA-D828-225C-2A61-B5F654E0C321}.Debug|Win32.Build.0 = Debug|Win32
		{341C17EA-D828-225C-2A61-B5F654E0C321}.Release|Win32.ActiveCfg = Release|Win32
		{341C17EA-D828-225C-2A61-B5F654E0C321}.Release|Win32.Build.0 = Release|Win32
		{726FC020-FB76-E915-D270-CDCD382D7BE1}.Debug|Win32.ActiveCfg = Debug|Win32
		{726FC020-FB76-E915-D270-CDCD382D7BE1}.Debug|Win32.Build.0 = Debug|Win32
		{726FC020-FB76-E915-D270-CDCD382D7BE1}.Release|Win32.ActiveCfg = Release|Win32
		{726FC020-FB76-E915-D270-CDCD382D7BE1}.Release|Win32.Build.0 = Release|Win32
		{059F9BD4-EF7C-45D2-D468-05BBAF1F77A2}.Debug|Win32.ActiveCfg = Debug|Win32
		{059F9BD4-EF7C-45D2-D468-05BBAF1F77A2}.Debug|Win32.Build.0 = Debug|Win32
		{059F9BD4-EF7C-45D2-D468-05BBAF1F77A2}.Release|Win32.ActiveCfg = Release|Win32
		{059F9BD4-EF7C-45D2-D468-05BBAF1F77A2}.Release|Win32.Build.0 = Release|Win32
		{BEB6FA65-87B5-CEFD-3C9E-66A29DF44EA4}.Debug|Win32.ActiveCfg = Debug|Win32
		{BEB6FA65-87B5-CEFD-3C9E-66A29DF44EA4}.Debug|Win32.Build.0 = Debug|Win32
		{BEB6FA65-87B5-CEFD-3C9E-66A29DF44EA4}.Release|Win32.ActiveCfg = Release|Win32
		{BEB6FA65-87B5-CEFD-3C9E-66A29DF44EA4}.Release|Win32.Build.0 = Release|Win32
		{697BA84F-589A-9A20-1A24-0650830CD6EE}.Debug|Win32.ActiveCfg = Debug|Win32
		{697BA84F-589A-9A20-1A24-0650830CD6EE}.Debug|Win32.Build.0 = Debug|Win32
		{697BA84F-589A-9A20-1A24-0650830CD6EE}.Release|Win32.ActiveCfg = Release|Win32
		{697BA84F-589A-9A20-1A24-0650830CD6EE}.Release|Win32.Build.0 = Release|Win32
		{6EBE03AA-E16A-F851-C823-8627B212D61C}.Debug|Win32.ActiveCfg = Debug|Win32
		{6EBE03AA-E16A-F851-C823-8627B212D61C}.Debug|Win32.Build.0 = Debug|Win32
		{6EBE03AA-E16A-F851-C823-8627B212D61C}.Release|Win32.ActiveCfg = Release|Win32
		{6EBE03AA-E16A-F851-C823-8627B212D61C}.Release|Win32.Build.0 = Release|Win32
		{AF542A37-483A-FD38-C210-773E698549BF}.Debug|Win32.ActiveCfg = Debug|Win32
		{AF542A37-483A-FD38-C210-773E698549BF}.Debug|Win32.Build.0 = Debug|Win32
		{AF542A37-483A-FD38-C210-773E698549BF}.Release|Win32.ActiveCfg = Release|Win32
		{553E6A63-3517-D85C-C3AF-18CADDE6EB74}.Debug|Win32.ActiveCfg = Debug|Win32
		{553E6A63-3517-D85C-C3AF-18CADDE6EB74}.Debug|Win32.Build.0 = Debug|Win32
		{553E6A63-3517-D85C-C3AF-18CADDE6EB74}.Release|Win32.ActiveCfg = Release|Win32
		{553E6A63-3517-D85C-C3AF-18CADDE6EB74}.Release|Win32.Build.0 = Release|Win32
		{12350606-1351-B3A3-03A0-9976B3E17B5F}.Debug|Win32.ActiveCfg = Debug|Win32
		{12350606-1351-B3A3-03A0-9976B3E17B5F}.Debug|Win32.Build.0 = Debug|Win32
		{12350606-1351-B3A3-03A0-9976B3E17B5F}.Release|Win32.ActiveCfg = Release|Win32
		{12350606-1351-B3A3-03A0-9976B3E17B5F}.Release|Win32.Build.0 = Release|Win32
		{442EF70C-A9E2-D85A-4B26-E145DBC6369C}.Debug|Win32.ActiveCfg = Debug|Win32
		{442EF70C-A9E2-D85A-4B26-E145DBC6369C}.Debug|Win32.Build.0 = Debug|Win32
		{442EF70C-A9E2-D85A-4B26-E145DBC6369C}.Release|Win32.ActiveCfg = Release|Win32
		{442EF70C-A9E2-D85A-4B26-E145DBC6369C}.Release|Win32.Build.0 = Release|Win32
		{4B1C2751-58EF-CDD4-8799-67A67A431EC7}.Debug|Win32.ActiveCfg = Debug|Win32
		{4B1C2751-58EF-CDD4-8799-67A67A431EC7}.Debug|Win32.Build.0 = Debug|Win32
		{4B1C2751-58EF-CDD4-8799-67A67A431EC7}.Release|Win32.ActiveCfg = Release|Win32
		{4B1C2751-58EF-CDD4-8799-67A67A431EC7}.Release|Win32.Build.0 = Release|Win32
		{AF1AFD39-49B4-3134-9F33-0E91A1DA66A3}.Debug|Win32.ActiveCfg = Debug|Win32
		{AF1AFD39-49B4-3134-9F33-0E91A1DA66A3}.Debug|Win32.Build.0 = Debug|Win32
		{AF1AFD39-49B4-3134-9F33-0E91A1DA66A3}.Release|Win32.ActiveCfg = Release|Win32
		{AF1AFD39-49B4-3134-9F33-0E91A1DA66A3}.Release|Win32.Build.0 = Release|Win32
		{5F8D8819-7373-80B5-F1CF-D779E158BF60}.Debug|Win32.ActiveCfg = Debug|Win32
		{5F8D8819-7373-80B5-F1CF-D779E158BF60}.Debug|Win32.Build.0 = Debug|Win32
		{5F8D8819-7373-80B5-F1CF-D779E158BF60}.Release|Win32.ActiveCfg = Release|Win32
		{5F8D8819-7373-80B5-F1CF-D779E158BF60}.Release|Win32.Build.0 = Release|Win32
		{02D22F17-FF28-15FE-59C2-7DE99730061D}.Debug|Win32.ActiveCfg = Debug|Win32
		{02D22F17-FF28-15FE-59C2-7DE99730061D}.Debug|Win32.Build.0 = Debug|Win32
		{02D22F17-FF28-15FE-59C2-7DE99730061D}.Release|Win32.ActiveCfg = Release|Win32
		{02D22F17-FF28-15FE-59C2-7DE99730061D}.Release|Win32.Build.0 = Release|Win32
		{AC0583F5-4FA3-6F46-60F9-A23BA2481081}.Debug|Win32.ActiveCfg = Debug|Win32
		{AC0583F5-4FA3-6F46-60F9-A23BA2481081}.Debug|Win32.Build.0 = Debug|Win32
		{AC0583F5-4FA3-6F46-60F9-A23BA2481081}.Release|Win32.ActiveCfg = Release|Win32
		{AC0583F5-4FA3-6F46-60F9-A23BA2481081}.Release|Win32.Build.0 = Release|Win32
		{CBBB14C8-AAA0-F8D8-5CFD-9CDFF0891BDE}.Debug|Win32.ActiveCfg = Debug|Win32
		{CBBB14C8-AAA0-F8D8-5CFD-9CDFF0891BDE}.Debug|Win32.Build.0 = Debug|Win32
		{CBBB14C8-AAA0-F8D8-5CFD-9CDFF0891BDE}.Release|Win32.ActiveCfg = Release|Win32
		{CBBB14C8-AAA0-F8D8-5CFD-9CDFF0891BDE}.Release|Win32.Build.0 = Release|Win32
		{B3FFD49C-AACB-5DBF-5DAC-247755367DF8}.Debug|Win32.ActiveCfg = Debug|Win32
		{B3FFD49C-AACB-5DBF-5DAC-247755367DF8}.Debug|Win32.Build.0 = Debug|Win32
		{B3FFD49C-AACB-5DBF-5DAC-247755367DF8}.Release|Win32.ActiveCfg = Release|Win32
		{B3FFD49C-AACB-5DBF-5DAC-247755367DF8}.Release|Win32.Build.0 = Release|Win32
		{C46FABD2-CF31-0C3D-02B8-FBD58AAB8E57}.Debug|Win32.ActiveCfg = Debug|Win32
		{C46FABD2-CF31-0C3D-02B8-FBD58AAB8E57}.Debug|Win32.Build.0 = Debug|Win32
		{C46FABD2-CF31-0C3D-02B8-FBD58AAB8E57}.Release|Win32.ActiveCfg = Release|Win32
		{C46FABD2-CF31-0C3D-02B8-FBD58AAB8E57}.Release|Win32.Build.0 = Release|Win32
		{72DCFCB9-2E3A-EDF7-FE61-A2C55E0E37D7}.Debug|Win32.ActiveCfg = Debug|Win32
		{72DCFCB9-2E3A-EDF7-FE61-A2C55E0E37D7}.Debug|Win32.Build.0 = Debug|Win32
		{72DCFCB9-2E3A-EDF7-FE61-A2C55E0E37D7}.Release|Win32.ActiveCfg = Release|Win32
		{72DCFCB9-2E3A-EDF7-FE61-A2C55E0E37D7}.Release|Win32.Build.0 = Release|Win32
		{B251B3D6-9154-872B-F049-5285E5319D4F}.Debug|Win32.ActiveCfg = Debug|Win32
		{B251B3D6-9154-872B-F049-5285E5319D4F}.Debug|Win32.Build.0 = Debug|Win32
		{B251B3D6-9154-872B-F049-5285E5319D4F}.Release|Win32.ActiveCfg = Release|Win32
		{B251B3D6-9154-872B-F049-5285E5319D4F}.Release|Win32.Build.0 = Release|Win32
		{E972C52F-9E85-4D65-B19C-031E511E9DB4}.Debug|Win32.ActiveCfg = Debug|Win32
		{E972C52F-9E85-4D65-B19C-031E511E9DB4}.Debug|Win32.Build.0 = Debug|Win32
		{E972C52F-9E85-4D65-B19C-031E511E9DB4}.Release|Win32.ActiveCfg = Release|Win32
		{E42FDC95-7243-4219-9EA4-ACCE4AB97197}.Debug|Win32.ActiveCfg = Debug|Win32
		{E42FDC95-7243-4219-9EA4-ACCE4AB97197}.Debug|Win32.Build.0 = Debug|Win32
		{E42FDC95-7243-4219-9EA4-ACCE4AB97197}.Release|Win32.ActiveCfg = Release|Win32
		{D5B5F38F-C5FE-4728-9AF7-EC3C36C984DB}.Debug|Win32.ActiveCfg = Debug|Win32
		{D5B5F38F-C5FE-4728-9AF7-EC3C36C984DB}.Debug|Win32.Build.0 = Debug|Win32
		{D5B5F38F-C5FE-4728-9AF7-EC3C36C984DB}.Release|Win32.ActiveCfg = Release|Win32
		{D5B5F38F-C5FE-4728-9AF7-EC3C36C984DB}.Release|Win32.Build.0 = Release|Win32
		{6A088D44-3F28-43C5-9962-7DC0129ACCE6}.Debug|Win32.ActiveCfg = Debug|Win32
		{6A088D44-3F28-43C5-9962-7DC0129ACCE6}.Debug|Win32.Build.0 = Debug|Win32
		{6A088D44-3F28-43C5-9962-7DC0129ACCE6}.Release|Win32.ActiveCfg = Release|Win32
		{6A088D44-3F28-43C5-9962-7DC0129ACCE6}.Release|Win32.Build.0 = Release|Win32
	EndGlobalSection
	GlobalSection(SolutionProperties) = preSolution
		HideSolutionNode = FALSE
	EndGlobalSection
	GlobalSection(NestedProjects) = preSolution
		{F4DBC581-D1BC-0F15-B59D-4DD93B16A165} = {FB3E20CC-9516-F7D2-EFF7-C27ABDCA54B9}
		{D7F6AEC4-7DF6-3BA0-9018-2938860660D1} = {FB3E20CC-9516-F7D2-EFF7-C27ABDCA54B9}
		{38B7683E-6F16-B5E1-5F7D-9D2F85A33684} = {C22DCE09-BE8E-C79C-FFD0-C3927B546C91}
		{C22DCE09-BE8E-C79C-FFD0-C3927B546C91} = {FB3E20CC-9516-F7D2-EFF7-C27ABDCA54B9}
		{C6072D03-1C5B-73BF-5FBE-CBC33489C980} = {FB3E20CC-9516-F7D2-EFF7-C27ABDCA54B9}
		{5FDB3770-9872-E2DA-794F-F7AB293683D6} = {89C816A7-DD31-D54C-C69C-5A80E0C49B77}
		{F4C04D4F-862A-B991-191C-3130EE0383A9} = {D7F6AEC4-7DF6-3BA0-9018-2938860660D1}
		{89689CDD-9EE1-09BA-3C98-5D734CBCF867} = {D7F6AEC4-7DF6-3BA0-9018-2938860660D1}
		{56B0265B-1DD5-ED91-AA73-05CFB44FCBF6} = {D7F6AEC4-7DF6-3BA0-9018-2938860660D1}
		{161908BA-AB03-702C-020B-CDD3FCC2BF84} = {D7F6AEC4-7DF6-3BA0-9018-2938860660D1}
		{DC151AB1-6B87-E2A7-3237-8A709F4BD17B} = {D7F6AEC4-7DF6-3BA0-9018-2938860660D1}
		{5F19BA4A-AA17-DF39-8954-EE75EAA3986D} = {D7F6AEC4-7DF6-3BA0-9018-2938860660D1}
		{E5C7533B-58D9-22E2-5BD5-29CB661693A4} = {D7F6AEC4-7DF6-3BA0-9018-2938860660D1}
		{341C17EA-D828-225C-2A61-B5F654E0C321} = {D7F6AEC4-7DF6-3BA0-9018-2938860660D1}
		{726FC020-FB76-E915-D270-CDCD382D7BE1} = {D7F6AEC4-7DF6-3BA0-9018-2938860660D1}
		{059F9BD4-EF7C-45D2-D468-05BBAF1F77A2} = {D7F6AEC4-7DF6-3BA0-9018-2938860660D1}
		{BEB6FA65-87B5-CEFD-3C9E-66A29DF44EA4} = {5FDB3770-9872-E2DA-794F-F7AB293683D6}
		{697BA84F-589A-9A20-1A24-0650830CD6EE} = {D7F6AEC4-7DF6-3BA0-9018-2938860660D1}
		{6EBE03AA-E16A-F851-C823-8627B212D61C} = {D7F6AEC4-7DF6-3BA0-9018-2938860660D1}
		{AF542A37-483A-FD38-C210-773E698549BF} = {D7F6AEC4-7DF6-3BA0-9018-2938860660D1}
		{553E6A63-3517-D85C-C3AF-18CADDE6EB74} = {D7F6AEC4-7DF6-3BA0-9018-2938860660D1}
		{12350606-1351-B3A3-03A0-9976B3E17B5F} = {89C816A7-DD31-D54C-C69C-5A80E0C49B77}
		{442EF70C-A9E2-D85A-4B26-E145DBC6369C} = {D7F6AEC4-7DF6-3BA0-9018-2938860660D1}
		{4B1C2751-58EF-CDD4-8799-67A67A431EC7} = {F4DBC581-D1BC-0F15-B59D-4DD93B16A165}
		{AF1AFD39-49B4-3134-9F33-0E91A1DA66A3} = {D7F6AEC4-7DF6-3BA0-9018-2938860660D1}
		{5F8D8819-7373-80B5-F1CF-D779E158BF60} = {F4DBC581-D1BC-0F15-B59D-4DD93B16A165}
		{02D22F17-FF28-15FE-59C2-7DE99730061D} = {38B7683E-6F16-B5E1-5F7D-9D2F85A33684}
		{AC0583F5-4FA3-6F46-60F9-A23BA2481081} = {D7F6AEC4-7DF6-3BA0-9018-2938860660D1}
		{CBBB14C8-AAA0-F8D8-5CFD-9CDFF0891BDE} = {F4DBC581-D1BC-0F15-B59D-4DD93B16A165}
		{B3FFD49C-AACB-5DBF-5DAC-247755367DF8} = {C6072D03-1C5B-73BF-5FBE-CBC33489C980}
		{C46FABD2-CF31-0C3D-02B8-FBD58AAB8E57} = {C6072D03-1C5B-73BF-5FBE-CBC33489C980}
		{72DCFCB9-2E3A-EDF7-FE61-A2C55E0E37D7} = {D7F6AEC4-7DF6-3BA0-9018-2938860660D1}
		{B251B3D6-9154-872B-F049-5285E5319D4F} = {D7F6AEC4-7DF6-3BA0-9018-2938860660D1}
		{E972C52F-9E85-4D65-B19C-031E511E9DB4} = {89C816A7-DD31-D54C-C69C-5A80E0C49B77}
		{E42FDC95-7243-4219-9EA4-ACCE4AB97197} = {89C816A7-DD31-D54C-C69C-5A80E0C49B77}
		{D5B5F38F-C5FE-4728-9AF7-EC3C36C984DB} = {89C816A7-DD31-D54C-C69C-5A80E0C49B77}
		{6A088D44-3F28-43C5-9962-7DC0129ACCE6} = {D7F6AEC4-7DF6-3BA0-9018-2938860660D1}
	EndGlobalSection
EndGlobal
