Microsoft Visual Studio Solution File, Format Version 9.00
# Visual Studio 2005
Project("{2150E333-8FDC-42A3-9474-1A3956D46DE8}") = "(source)", "..\..\..\..\webrtc\system_wrappers\source", "{38B7683E-6F16-B5E1-5F7D-9D2F85A33684}"
EndProject
Project("{2150E333-8FDC-42A3-9474-1A3956D46DE8}") = "(system_wrappers)", "..\..\..\..\webrtc\system_wrappers", "{C22DCE09-BE8E-C79C-FFD0-C3927B546C91}"
EndProject
Project("{2150E333-8FDC-42A3-9474-1A3956D46DE8}") = "(test)", "..\..\..\..\webrtc\test", "{46835DB2-71BA-66C0-5A55-04D9E2C70AA8}"
EndProject
Project("{2150E333-8FDC-42A3-9474-1A3956D46DE8}") = "(testing)", "..\..\..\..\testing", "{EAC80D00-01D2-3F49-A377-20B7154947F3}"
EndProject
Project("{2150E333-8FDC-42A3-9474-1A3956D46DE8}") = "(webrtc)", "..\..\..\..\webrtc", "{FB3E20CC-9516-F7D2-EFF7-C27ABDCA54B9}"
EndProject
Project("{8BC9CEB8-8B4A-11D0-8D11-00A0C91BC942}") = "gmock", "..\..\..\testing\gmock.vcproj", "{0AD72142-EFE0-2A22-7D10-6A293AD25A19}"
EndProject
Project("{8BC9CEB8-8B4A-11D0-8D11-00A0C91BC942}") = "gtest", "..\..\..\testing\gtest.vcproj", "{366F942F-2800-778F-8575-6C7023354B74}"
	ProjectSection(ProjectDependencies) = postProject
		{F7A4254F-CE5E-2B23-E2FE-BA460478442D} = {F7A4254F-CE5E-2B23-E2FE-BA460478442D}
	EndProjectSection
EndProject
Project("{8BC9CEB8-8B4A-11D0-8D11-00A0C91BC942}") = "gtest_prod", "..\..\..\testing\gtest_prod.vcproj", "{F7A4254F-CE5E-2B23-E2FE-BA460478442D}"
EndProject
Project("{8BC9CEB8-8B4A-11D0-8D11-00A0C91BC942}") = "system_wrappers", "system_wrappers.vcproj", "{02D22F17-FF28-15FE-59C2-7DE99730061D}"
EndProject
Project("{8BC9CEB8-8B4A-11D0-8D11-00A0C91BC942}") = "system_wrappers_unittests", "system_wrappers_unittests.vcproj", "{718FE06B-9242-34B1-E702-0D885AC7B718}"
	ProjectSection(ProjectDependencies) = postProject
		{02D22F17-FF28-15FE-59C2-7DE99730061D} = {02D22F17-FF28-15FE-59C2-7DE99730061D}
		{366F942F-2800-778F-8575-6C7023354B74} = {366F942F-2800-778F-8575-6C7023354B74}
		{C91377CA-D284-3FE1-00CC-5EC1DFBFA0F4} = {C91377CA-D284-3FE1-00CC-5EC1DFBFA0F4}
		{F7A4254F-CE5E-2B23-E2FE-BA460478442D} = {F7A4254F-CE5E-2B23-E2FE-BA460478442D}
		{0A83BE20-E81D-2683-5C2F-8BA70437BD35} = {0A83BE20-E81D-2683-5C2F-8BA70437BD35}
		{0AD72142-EFE0-2A22-7D10-6A293AD25A19} = {0AD72142-EFE0-2A22-7D10-6A293AD25A19}
	EndProjectSection
EndProject
Project("{8BC9CEB8-8B4A-11D0-8D11-00A0C91BC942}") = "test_support", "..\..\test\test_support.vcproj", "{0A83BE20-E81D-2683-5C2F-8BA70437BD35}"
EndProject
Project("{8BC9CEB8-8B4A-11D0-8D11-00A0C91BC942}") = "test_support_main", "..\..\test\test_support_main.vcproj", "{C91377CA-D284-3FE1-00CC-5EC1DFBFA0F4}"
EndProject
Global
	GlobalSection(SolutionConfigurationPlatforms) = preSolution
		Release|x64 = Release|x64
		Debug|Win32 = Debug|Win32
		Debug|x64 = Debug|x64
		Release|Win32 = Release|Win32
	EndGlobalSection
	GlobalSection(ProjectConfigurationPlatforms) = postSolution
		{02D22F17-FF28-15FE-59C2-7DE99730061D}.Release|x64.ActiveCfg = Release|x64
		{02D22F17-FF28-15FE-59C2-7DE99730061D}.Release|x64.Build.0 = Release|x64
		{02D22F17-FF28-15FE-59C2-7DE99730061D}.Debug|Win32.ActiveCfg = Debug|Win32
		{02D22F17-FF28-15FE-59C2-7DE99730061D}.Debug|Win32.Build.0 = Debug|Win32
		{02D22F17-FF28-15FE-59C2-7DE99730061D}.Debug|x64.ActiveCfg = Debug|x64
		{02D22F17-FF28-15FE-59C2-7DE99730061D}.Debug|x64.Build.0 = Debug|x64
		{02D22F17-FF28-15FE-59C2-7DE99730061D}.Release|Win32.ActiveCfg = Release|Win32
		{02D22F17-FF28-15FE-59C2-7DE99730061D}.Release|Win32.Build.0 = Release|Win32
		{0A83BE20-E81D-2683-5C2F-8BA70437BD35}.Release|x64.ActiveCfg = Release|x64
		{0A83BE20-E81D-2683-5C2F-8BA70437BD35}.Release|x64.Build.0 = Release|x64
		{0A83BE20-E81D-2683-5C2F-8BA70437BD35}.Debug|Win32.ActiveCfg = Debug|Win32
		{0A83BE20-E81D-2683-5C2F-8BA70437BD35}.Debug|Win32.Build.0 = Debug|Win32
		{0A83BE20-E81D-2683-5C2F-8BA70437BD35}.Debug|x64.ActiveCfg = Debug|x64
		{0A83BE20-E81D-2683-5C2F-8BA70437BD35}.Debug|x64.Build.0 = Debug|x64
		{0A83BE20-E81D-2683-5C2F-8BA70437BD35}.Release|Win32.ActiveCfg = Release|Win32
		{0A83BE20-E81D-2683-5C2F-8BA70437BD35}.Release|Win32.Build.0 = Release|Win32
		{0AD72142-EFE0-2A22-7D10-6A293AD25A19}.Release|x64.ActiveCfg = Release|x64
		{0AD72142-EFE0-2A22-7D10-6A293AD25A19}.Release|x64.Build.0 = Release|x64
		{0AD72142-EFE0-2A22-7D10-6A293AD25A19}.Debug|Win32.ActiveCfg = Debug|Win32
		{0AD72142-EFE0-2A22-7D10-6A293AD25A19}.Debug|Win32.Build.0 = Debug|Win32
		{0AD72142-EFE0-2A22-7D10-6A293AD25A19}.Debug|x64.ActiveCfg = Debug|x64
		{0AD72142-EFE0-2A22-7D10-6A293AD25A19}.Debug|x64.Build.0 = Debug|x64
		{0AD72142-EFE0-2A22-7D10-6A293AD25A19}.Release|Win32.ActiveCfg = Release|Win32
		{0AD72142-EFE0-2A22-7D10-6A293AD25A19}.Release|Win32.Build.0 = Release|Win32
		{366F942F-2800-778F-8575-6C7023354B74}.Release|x64.ActiveCfg = Release|x64
		{366F942F-2800-778F-8575-6C7023354B74}.Release|x64.Build.0 = Release|x64
		{366F942F-2800-778F-8575-6C7023354B74}.Debug|Win32.ActiveCfg = Debug|Win32
		{366F942F-2800-778F-8575-6C7023354B74}.Debug|Win32.Build.0 = Debug|Win32
		{366F942F-2800-778F-8575-6C7023354B74}.Debug|x64.ActiveCfg = Debug|x64
		{366F942F-2800-778F-8575-6C7023354B74}.Debug|x64.Build.0 = Debug|x64
		{366F942F-2800-778F-8575-6C7023354B74}.Release|Win32.ActiveCfg = Release|Win32
		{366F942F-2800-778F-8575-6C7023354B74}.Release|Win32.Build.0 = Release|Win32
		{718FE06B-9242-34B1-E702-0D885AC7B718}.Release|x64.ActiveCfg = Release|x64
		{718FE06B-9242-34B1-E702-0D885AC7B718}.Release|x64.Build.0 = Release|x64
		{718FE06B-9242-34B1-E702-0D885AC7B718}.Debug|Win32.ActiveCfg = Debug|Win32
		{718FE06B-9242-34B1-E702-0D885AC7B718}.Debug|Win32.Build.0 = Debug|Win32
		{718FE06B-9242-34B1-E702-0D885AC7B718}.Debug|x64.ActiveCfg = Debug|x64
		{718FE06B-9242-34B1-E702-0D885AC7B718}.Debug|x64.Build.0 = Debug|x64
		{718FE06B-9242-34B1-E702-0D885AC7B718}.Release|Win32.ActiveCfg = Release|Win32
		{718FE06B-9242-34B1-E702-0D885AC7B718}.Release|Win32.Build.0 = Release|Win32
		{C91377CA-D284-3FE1-00CC-5EC1DFBFA0F4}.Release|x64.ActiveCfg = Release|x64
		{C91377CA-D284-3FE1-00CC-5EC1DFBFA0F4}.Release|x64.Build.0 = Release|x64
		{C91377CA-D284-3FE1-00CC-5EC1DFBFA0F4}.Debug|Win32.ActiveCfg = Debug|Win32
		{C91377CA-D284-3FE1-00CC-5EC1DFBFA0F4}.Debug|Win32.Build.0 = Debug|Win32
		{C91377CA-D284-3FE1-00CC-5EC1DFBFA0F4}.Debug|x64.ActiveCfg = Debug|x64
		{C91377CA-D284-3FE1-00CC-5EC1DFBFA0F4}.Debug|x64.Build.0 = Debug|x64
		{C91377CA-D284-3FE1-00CC-5EC1DFBFA0F4}.Release|Win32.ActiveCfg = Release|Win32
		{C91377CA-D284-3FE1-00CC-5EC1DFBFA0F4}.Release|Win32.Build.0 = Release|Win32
		{F7A4254F-CE5E-2B23-E2FE-BA460478442D}.Release|x64.ActiveCfg = Release|x64
		{F7A4254F-CE5E-2B23-E2FE-BA460478442D}.Release|x64.Build.0 = Release|x64
		{F7A4254F-CE5E-2B23-E2FE-BA460478442D}.Debug|Win32.ActiveCfg = Debug|Win32
		{F7A4254F-CE5E-2B23-E2FE-BA460478442D}.Debug|Win32.Build.0 = Debug|Win32
		{F7A4254F-CE5E-2B23-E2FE-BA460478442D}.Debug|x64.ActiveCfg = Debug|x64
		{F7A4254F-CE5E-2B23-E2FE-BA460478442D}.Debug|x64.Build.0 = Debug|x64
		{F7A4254F-CE5E-2B23-E2FE-BA460478442D}.Release|Win32.ActiveCfg = Release|Win32
		{F7A4254F-CE5E-2B23-E2FE-BA460478442D}.Release|Win32.Build.0 = Release|Win32
	EndGlobalSection
	GlobalSection(SolutionProperties) = preSolution
		HideSolutionNode = FALSE
	EndGlobalSection
	GlobalSection(NestedProjects) = preSolution
		{02D22F17-FF28-15FE-59C2-7DE99730061D} = {38B7683E-6F16-B5E1-5F7D-9D2F85A33684}
		{718FE06B-9242-34B1-E702-0D885AC7B718} = {38B7683E-6F16-B5E1-5F7D-9D2F85A33684}
		{38B7683E-6F16-B5E1-5F7D-9D2F85A33684} = {C22DCE09-BE8E-C79C-FFD0-C3927B546C91}
		{0A83BE20-E81D-2683-5C2F-8BA70437BD35} = {46835DB2-71BA-66C0-5A55-04D9E2C70AA8}
		{C91377CA-D284-3FE1-00CC-5EC1DFBFA0F4} = {46835DB2-71BA-66C0-5A55-04D9E2C70AA8}
		{0AD72142-EFE0-2A22-7D10-6A293AD25A19} = {EAC80D00-01D2-3F49-A377-20B7154947F3}
		{366F942F-2800-778F-8575-6C7023354B74} = {EAC80D00-01D2-3F49-A377-20B7154947F3}
		{F7A4254F-CE5E-2B23-E2FE-BA460478442D} = {EAC80D00-01D2-3F49-A377-20B7154947F3}
		{C22DCE09-BE8E-C79C-FFD0-C3927B546C91} = {FB3E20CC-9516-F7D2-EFF7-C27ABDCA54B9}
		{46835DB2-71BA-66C0-5A55-04D9E2C70AA8} = {FB3E20CC-9516-F7D2-EFF7-C27ABDCA54B9}
	EndGlobalSection
EndGlobal
