Microsoft Visual Studio Solution File, Format Version 9.00
# Visual Studio 2005
Project("{2150E333-8FDC-42A3-9474-1A3956D46DE8}") = "(common_video)", "..\..\..\webrtc\common_video", "{E70C5231-376A-E133-7792-7A5EBF0DB681}"
EndProject
Project("{2150E333-8FDC-42A3-9474-1A3956D46DE8}") = "(libjpeg_turbo)", "..\..\..\third_party\libjpeg_turbo", "{A9EB8559-7015-13E0-0462-D9901FC693FD}"
EndProject
Project("{2150E333-8FDC-42A3-9474-1A3956D46DE8}") = "(source)", "..\..\..\webrtc\system_wrappers\source", "{38B7683E-6F16-B5E1-5F7D-9D2F85A33684}"
EndProject
Project("{2150E333-8FDC-42A3-9474-1A3956D46DE8}") = "(system_wrappers)", "..\..\..\webrtc\system_wrappers", "{C22DCE09-BE8E-C79C-FFD0-C3927B546C91}"
EndProject
Project("{2150E333-8FDC-42A3-9474-1A3956D46DE8}") = "(test)", "..\..\..\webrtc\test", "{46835DB2-71BA-66C0-5A55-04D9E2C70AA8}"
EndProject
Project("{2150E333-8FDC-42A3-9474-1A3956D46DE8}") = "(testing)", "..\..\..\testing", "{EAC80D00-01D2-3F49-A377-20B7154947F3}"
EndProject
Project("{2150E333-8FDC-42A3-9474-1A3956D46DE8}") = "(third_party)", "..\..\..\third_party", "{89C816A7-DD31-D54C-C69C-5A80E0C49B77}"
EndProject
Project("{2150E333-8FDC-42A3-9474-1A3956D46DE8}") = "(webrtc)", "..\..\..\webrtc", "{FB3E20CC-9516-F7D2-EFF7-C27ABDCA54B9}"
EndProject
Project("{8BC9CEB8-8B4A-11D0-8D11-00A0C91BC942}") = "common_video", "common_video.vcproj", "{A9085670-341F-A544-A4D8-567358B858E4}"
EndProject
Project("{8BC9CEB8-8B4A-11D0-8D11-00A0C91BC942}") = "common_video_unittests", "common_video_unittests.vcproj", "{ABCB2FC9-10F1-79E9-A60A-1FE223131F7D}"
	ProjectSection(ProjectDependencies) = postProject
		{A9085670-341F-A544-A4D8-567358B858E4} = {A9085670-341F-A544-A4D8-567358B858E4}
		{366F942F-2800-778F-8575-6C7023354B74} = {366F942F-2800-778F-8575-6C7023354B74}
		{02D22F17-FF28-15FE-59C2-7DE99730061D} = {02D22F17-FF28-15FE-59C2-7DE99730061D}
		{C91377CA-D284-3FE1-00CC-5EC1DFBFA0F4} = {C91377CA-D284-3FE1-00CC-5EC1DFBFA0F4}
		{25E7F57A-F0F3-941F-6E73-1D42AB039499} = {25E7F57A-F0F3-941F-6E73-1D42AB039499}
		{FB78A4EF-7A3D-E65A-FCA4-BA82E8D44F88} = {FB78A4EF-7A3D-E65A-FCA4-BA82E8D44F88}
		{F7A4254F-CE5E-2B23-E2FE-BA460478442D} = {F7A4254F-CE5E-2B23-E2FE-BA460478442D}
		{0A83BE20-E81D-2683-5C2F-8BA70437BD35} = {0A83BE20-E81D-2683-5C2F-8BA70437BD35}
		{0AD72142-EFE0-2A22-7D10-6A293AD25A19} = {0AD72142-EFE0-2A22-7D10-6A293AD25A19}
	EndProjectSection
EndProject
Project("{8BC9CEB8-8B4A-11D0-8D11-00A0C91BC942}") = "gmock", "..\..\testing\gmock.vcproj", "{0AD72142-EFE0-2A22-7D10-6A293AD25A19}"
EndProject
Project("{8BC9CEB8-8B4A-11D0-8D11-00A0C91BC942}") = "gtest", "..\..\testing\gtest.vcproj", "{366F942F-2800-778F-8575-6C7023354B74}"
	ProjectSection(ProjectDependencies) = postProject
		{F7A4254F-CE5E-2B23-E2FE-BA460478442D} = {F7A4254F-CE5E-2B23-E2FE-BA460478442D}
	EndProjectSection
EndProject
Project("{8BC9CEB8-8B4A-11D0-8D11-00A0C91BC942}") = "gtest_prod", "..\..\testing\gtest_prod.vcproj", "{F7A4254F-CE5E-2B23-E2FE-BA460478442D}"
EndProject
Project("{8BC9CEB8-8B4A-11D0-8D11-00A0C91BC942}") = "libjpeg", "..\..\third_party\libjpeg_turbo\libjpeg.vcproj", "{25E7F57A-F0F3-941F-6E73-1D42AB039499}"
EndProject
Project("{8BC9CEB8-8B4A-11D0-8D11-00A0C91BC942}") = "libyuv", "..\..\third_party\libyuv\libyuv.vcproj", "{FB78A4EF-7A3D-E65A-FCA4-BA82E8D44F88}"
EndProject
Project("{8BC9CEB8-8B4A-11D0-8D11-00A0C91BC942}") = "system_wrappers", "..\system_wrappers\source\system_wrappers.vcproj", "{02D22F17-FF28-15FE-59C2-7DE99730061D}"
EndProject
Project("{8BC9CEB8-8B4A-11D0-8D11-00A0C91BC942}") = "test_support", "..\test\test_support.vcproj", "{0A83BE20-E81D-2683-5C2F-8BA70437BD35}"
EndProject
Project("{8BC9CEB8-8B4A-11D0-8D11-00A0C91BC942}") = "test_support_main", "..\test\test_support_main.vcproj", "{C91377CA-D284-3FE1-00CC-5EC1DFBFA0F4}"
EndProject
Global
	GlobalSection(SolutionConfigurationPlatforms) = preSolution
		Release|x64 = Release|x64
		Debug|Win32 = Debug|Win32
		Debug|x64 = Debug|x64
		Release|Win32 = Release|Win32
	EndGlobalSection
	GlobalSection(ProjectConfigurationPlatforms) = postSolution
		{02D22F17-FF28-15FE-59C2-7DE99730061D}.Release|x64.ActiveCfg = Release|x64
		{02D22F17-FF28-15FE-59C2-7DE99730061D}.Release|x64.Build.0 = Release|x64
		{02D22F17-FF28-15FE-59C2-7DE99730061D}.Debug|Win32.ActiveCfg = Debug|Win32
		{02D22F17-FF28-15FE-59C2-7DE99730061D}.Debug|Win32.Build.0 = Debug|Win32
		{02D22F17-FF28-15FE-59C2-7DE99730061D}.Debug|x64.ActiveCfg = Debug|x64
		{02D22F17-FF28-15FE-59C2-7DE99730061D}.Debug|x64.Build.0 = Debug|x64
		{02D22F17-FF28-15FE-59C2-7DE99730061D}.Release|Win32.ActiveCfg = Release|Win32
		{02D22F17-FF28-15FE-59C2-7DE99730061D}.Release|Win32.Build.0 = Release|Win32
		{0A83BE20-E81D-2683-5C2F-8BA70437BD35}.Release|x64.ActiveCfg = Release|x64
		{0A83BE20-E81D-2683-5C2F-8BA70437BD35}.Release|x64.Build.0 = Release|x64
		{0A83BE20-E81D-2683-5C2F-8BA70437BD35}.Debug|Win32.ActiveCfg = Debug|Win32
		{0A83BE20-E81D-2683-5C2F-8BA70437BD35}.Debug|Win32.Build.0 = Debug|Win32
		{0A83BE20-E81D-2683-5C2F-8BA70437BD35}.Debug|x64.ActiveCfg = Debug|x64
		{0A83BE20-E81D-2683-5C2F-8BA70437BD35}.Debug|x64.Build.0 = Debug|x64
		{0A83BE20-E81D-2683-5C2F-8BA70437BD35}.Release|Win32.ActiveCfg = Release|Win32
		{0A83BE20-E81D-2683-5C2F-8BA70437BD35}.Release|Win32.Build.0 = Release|Win32
		{0AD72142-EFE0-2A22-7D10-6A293AD25A19}.Release|x64.ActiveCfg = Release|x64
		{0AD72142-EFE0-2A22-7D10-6A293AD25A19}.Release|x64.Build.0 = Release|x64
		{0AD72142-EFE0-2A22-7D10-6A293AD25A19}.Debug|Win32.ActiveCfg = Debug|Win32
		{0AD72142-EFE0-2A22-7D10-6A293AD25A19}.Debug|Win32.Build.0 = Debug|Win32
		{0AD72142-EFE0-2A22-7D10-6A293AD25A19}.Debug|x64.ActiveCfg = Debug|x64
		{0AD72142-EFE0-2A22-7D10-6A293AD25A19}.Debug|x64.Build.0 = Debug|x64
		{0AD72142-EFE0-2A22-7D10-6A293AD25A19}.Release|Win32.ActiveCfg = Release|Win32
		{0AD72142-EFE0-2A22-7D10-6A293AD25A19}.Release|Win32.Build.0 = Release|Win32
		{25E7F57A-F0F3-941F-6E73-1D42AB039499}.Release|x64.ActiveCfg = Release|x64
		{25E7F57A-F0F3-941F-6E73-1D42AB039499}.Release|x64.Build.0 = Release|x64
		{25E7F57A-F0F3-941F-6E73-1D42AB039499}.Debug|Win32.ActiveCfg = Debug|Win32
		{25E7F57A-F0F3-941F-6E73-1D42AB039499}.Debug|Win32.Build.0 = Debug|Win32
		{25E7F57A-F0F3-941F-6E73-1D42AB039499}.Debug|x64.ActiveCfg = Debug|x64
		{25E7F57A-F0F3-941F-6E73-1D42AB039499}.Debug|x64.Build.0 = Debug|x64
		{25E7F57A-F0F3-941F-6E73-1D42AB039499}.Release|Win32.ActiveCfg = Release|Win32
		{25E7F57A-F0F3-941F-6E73-1D42AB039499}.Release|Win32.Build.0 = Release|Win32
		{366F942F-2800-778F-8575-6C7023354B74}.Release|x64.ActiveCfg = Release|x64
		{366F942F-2800-778F-8575-6C7023354B74}.Release|x64.Build.0 = Release|x64
		{366F942F-2800-778F-8575-6C7023354B74}.Debug|Win32.ActiveCfg = Debug|Win32
		{366F942F-2800-778F-8575-6C7023354B74}.Debug|Win32.Build.0 = Debug|Win32
		{366F942F-2800-778F-8575-6C7023354B74}.Debug|x64.ActiveCfg = Debug|x64
		{366F942F-2800-778F-8575-6C7023354B74}.Debug|x64.Build.0 = Debug|x64
		{366F942F-2800-778F-8575-6C7023354B74}.Release|Win32.ActiveCfg = Release|Win32
		{366F942F-2800-778F-8575-6C7023354B74}.Release|Win32.Build.0 = Release|Win32
		{A9085670-341F-A544-A4D8-567358B858E4}.Release|x64.ActiveCfg = Release|x64
		{A9085670-341F-A544-A4D8-567358B858E4}.Release|x64.Build.0 = Release|x64
		{A9085670-341F-A544-A4D8-567358B858E4}.Debug|Win32.ActiveCfg = Debug|Win32
		{A9085670-341F-A544-A4D8-567358B858E4}.Debug|Win32.Build.0 = Debug|Win32
		{A9085670-341F-A544-A4D8-567358B858E4}.Debug|x64.ActiveCfg = Debug|x64
		{A9085670-341F-A544-A4D8-567358B858E4}.Debug|x64.Build.0 = Debug|x64
		{A9085670-341F-A544-A4D8-567358B858E4}.Release|Win32.ActiveCfg = Release|Win32
		{A9085670-341F-A544-A4D8-567358B858E4}.Release|Win32.Build.0 = Release|Win32
		{ABCB2FC9-10F1-79E9-A60A-1FE223131F7D}.Release|x64.ActiveCfg = Release|x64
		{ABCB2FC9-10F1-79E9-A60A-1FE223131F7D}.Release|x64.Build.0 = Release|x64
		{ABCB2FC9-10F1-79E9-A60A-1FE223131F7D}.Debug|Win32.ActiveCfg = Debug|Win32
		{ABCB2FC9-10F1-79E9-A60A-1FE223131F7D}.Debug|Win32.Build.0 = Debug|Win32
		{ABCB2FC9-10F1-79E9-A60A-1FE223131F7D}.Debug|x64.ActiveCfg = Debug|x64
		{ABCB2FC9-10F1-79E9-A60A-1FE223131F7D}.Debug|x64.Build.0 = Debug|x64
		{ABCB2FC9-10F1-79E9-A60A-1FE223131F7D}.Release|Win32.ActiveCfg = Release|Win32
		{ABCB2FC9-10F1-79E9-A60A-1FE223131F7D}.Release|Win32.Build.0 = Release|Win32
		{C91377CA-D284-3FE1-00CC-5EC1DFBFA0F4}.Release|x64.ActiveCfg = Release|x64
		{C91377CA-D284-3FE1-00CC-5EC1DFBFA0F4}.Release|x64.Build.0 = Release|x64
		{C91377CA-D284-3FE1-00CC-5EC1DFBFA0F4}.Debug|Win32.ActiveCfg = Debug|Win32
		{C91377CA-D284-3FE1-00CC-5EC1DFBFA0F4}.Debug|Win32.Build.0 = Debug|Win32
		{C91377CA-D284-3FE1-00CC-5EC1DFBFA0F4}.Debug|x64.ActiveCfg = Debug|x64
		{C91377CA-D284-3FE1-00CC-5EC1DFBFA0F4}.Debug|x64.Build.0 = Debug|x64
		{C91377CA-D284-3FE1-00CC-5EC1DFBFA0F4}.Release|Win32.ActiveCfg = Release|Win32
		{C91377CA-D284-3FE1-00CC-5EC1DFBFA0F4}.Release|Win32.Build.0 = Release|Win32
		{F7A4254F-CE5E-2B23-E2FE-BA460478442D}.Release|x64.ActiveCfg = Release|x64
		{F7A4254F-CE5E-2B23-E2FE-BA460478442D}.Release|x64.Build.0 = Release|x64
		{F7A4254F-CE5E-2B23-E2FE-BA460478442D}.Debug|Win32.ActiveCfg = Debug|Win32
		{F7A4254F-CE5E-2B23-E2FE-BA460478442D}.Debug|Win32.Build.0 = Debug|Win32
		{F7A4254F-CE5E-2B23-E2FE-BA460478442D}.Debug|x64.ActiveCfg = Debug|x64
		{F7A4254F-CE5E-2B23-E2FE-BA460478442D}.Debug|x64.Build.0 = Debug|x64
		{F7A4254F-CE5E-2B23-E2FE-BA460478442D}.Release|Win32.ActiveCfg = Release|Win32
		{F7A4254F-CE5E-2B23-E2FE-BA460478442D}.Release|Win32.Build.0 = Release|Win32
		{FB78A4EF-7A3D-E65A-FCA4-BA82E8D44F88}.Release|x64.ActiveCfg = Release|x64
		{FB78A4EF-7A3D-E65A-FCA4-BA82E8D44F88}.Release|x64.Build.0 = Release|x64
		{FB78A4EF-7A3D-E65A-FCA4-BA82E8D44F88}.Debug|Win32.ActiveCfg = Debug|Win32
		{FB78A4EF-7A3D-E65A-FCA4-BA82E8D44F88}.Debug|Win32.Build.0 = Debug|Win32
		{FB78A4EF-7A3D-E65A-FCA4-BA82E8D44F88}.Debug|x64.ActiveCfg = Debug|x64
		{FB78A4EF-7A3D-E65A-FCA4-BA82E8D44F88}.Debug|x64.Build.0 = Debug|x64
		{FB78A4EF-7A3D-E65A-FCA4-BA82E8D44F88}.Release|Win32.ActiveCfg = Release|Win32
		{FB78A4EF-7A3D-E65A-FCA4-BA82E8D44F88}.Release|Win32.Build.0 = Release|Win32
	EndGlobalSection
	GlobalSection(SolutionProperties) = preSolution
		HideSolutionNode = FALSE
	EndGlobalSection
	GlobalSection(NestedProjects) = preSolution
		{A9085670-341F-A544-A4D8-567358B858E4} = {E70C5231-376A-E133-7792-7A5EBF0DB681}
		{ABCB2FC9-10F1-79E9-A60A-1FE223131F7D} = {E70C5231-376A-E133-7792-7A5EBF0DB681}
		{25E7F57A-F0F3-941F-6E73-1D42AB039499} = {A9EB8559-7015-13E0-0462-D9901FC693FD}
		{02D22F17-FF28-15FE-59C2-7DE99730061D} = {38B7683E-6F16-B5E1-5F7D-9D2F85A33684}
		{38B7683E-6F16-B5E1-5F7D-9D2F85A33684} = {C22DCE09-BE8E-C79C-FFD0-C3927B546C91}
		{0A83BE20-E81D-2683-5C2F-8BA70437BD35} = {46835DB2-71BA-66C0-5A55-04D9E2C70AA8}
		{C91377CA-D284-3FE1-00CC-5EC1DFBFA0F4} = {46835DB2-71BA-66C0-5A55-04D9E2C70AA8}
		{0AD72142-EFE0-2A22-7D10-6A293AD25A19} = {EAC80D00-01D2-3F49-A377-20B7154947F3}
		{366F942F-2800-778F-8575-6C7023354B74} = {EAC80D00-01D2-3F49-A377-20B7154947F3}
		{F7A4254F-CE5E-2B23-E2FE-BA460478442D} = {EAC80D00-01D2-3F49-A377-20B7154947F3}
		{A9EB8559-7015-13E0-0462-D9901FC693FD} = {89C816A7-DD31-D54C-C69C-5A80E0C49B77}
		{FB78A4EF-7A3D-E65A-FCA4-BA82E8D44F88} = {89C816A7-DD31-D54C-C69C-5A80E0C49B77}
		{E70C5231-376A-E133-7792-7A5EBF0DB681} = {FB3E20CC-9516-F7D2-EFF7-C27ABDCA54B9}
		{C22DCE09-BE8E-C79C-FFD0-C3927B546C91} = {FB3E20CC-9516-F7D2-EFF7-C27ABDCA54B9}
		{46835DB2-71BA-66C0-5A55-04D9E2C70AA8} = {FB3E20CC-9516-F7D2-EFF7-C27ABDCA54B9}
	EndGlobalSection
EndGlobal
