Microsoft Visual Studio Solution File, Format Version 9.00
# Visual Studio 2005
Project("{2150E333-8FDC-42A3-9474-1A3956D46DE8}") = "(codecs)", "..\..\..\webrtc\modules\video_coding\codecs", "{B4099936-46EF-B0C3-5A31-AE0F2D636A29}"
EndProject
Project("{2150E333-8FDC-42A3-9474-1A3956D46DE8}") = "(common_audio)", "..\..\..\webrtc\common_audio", "{F4DBC581-D1BC-0F15-B59D-4DD93B16A165}"
EndProject
Project("{2150E333-8FDC-42A3-9474-1A3956D46DE8}") = "(libjpeg_turbo)", "..\..\..\third_party\libjpeg_turbo", "{A9EB8559-7015-13E0-0462-D9901FC693FD}"
EndProject
Project("{2150E333-8FDC-42A3-9474-1A3956D46DE8}") = "(libvpx)", "..\..\..\third_party\libvpx", "{B881B030-1C2B-0D06-F74A-9A16B0B8657E}"
EndProject
Project("{2150E333-8FDC-42A3-9474-1A3956D46DE8}") = "(modules)", "..\..\..\webrtc\modules", "{D7F6AEC4-7DF6-3BA0-9018-2938860660D1}"
EndProject
Project("{2150E333-8FDC-42A3-9474-1A3956D46DE8}") = "(protobuf)", "..\..\..\third_party\protobuf", "{FF6C6E0D-F605-D848-8A79-B0ED90BBDB2F}"
EndProject
Project("{2150E333-8FDC-42A3-9474-1A3956D46DE8}") = "(source)", "..\..\..\webrtc\system_wrappers\source", "{38B7683E-6F16-B5E1-5F7D-9D2F85A33684}"
EndProject
Project("{2150E333-8FDC-42A3-9474-1A3956D46DE8}") = "(system_wrappers)", "..\..\..\webrtc\system_wrappers", "{C22DCE09-BE8E-C79C-FFD0-C3927B546C91}"
EndProject
Project("{2150E333-8FDC-42A3-9474-1A3956D46DE8}") = "(test)", "..\..\..\webrtc\test", "{46835DB2-71BA-66C0-5A55-04D9E2C70AA8}"
EndProject
Project("{2150E333-8FDC-42A3-9474-1A3956D46DE8}") = "(testing)", "..\..\..\testing", "{EAC80D00-01D2-3F49-A377-20B7154947F3}"
EndProject
Project("{2150E333-8FDC-42A3-9474-1A3956D46DE8}") = "(third_party)", "..\..\..\third_party", "{89C816A7-DD31-D54C-C69C-5A80E0C49B77}"
EndProject
Project("{2150E333-8FDC-42A3-9474-1A3956D46DE8}") = "(video_coding)", "..\..\..\webrtc\modules\video_coding", "{1129EF10-A8C4-0CE3-A02C-280FB3F2A1BD}"
EndProject
Project("{2150E333-8FDC-42A3-9474-1A3956D46DE8}") = "(voice_engine)", "..\..\..\webrtc\voice_engine", "{C6072D03-1C5B-73BF-5FBE-CBC33489C980}"
EndProject
Project("{2150E333-8FDC-42A3-9474-1A3956D46DE8}") = "(vp8)", "..\..\..\webrtc\modules\video_coding\codecs\vp8", "{5FA337A4-A4B8-0DFF-54B7-11AF37917B53}"
EndProject
Project("{2150E333-8FDC-42A3-9474-1A3956D46DE8}") = "(webrtc)", "..\..\..\webrtc", "{FB3E20CC-9516-F7D2-EFF7-C27ABDCA54B9}"
EndProject
Project("{2150E333-8FDC-42A3-9474-1A3956D46DE8}") = "(yasm)", "..\..\..\third_party\yasm", "{AC6A79C6-25A5-8535-37D4-DCE797519D55}"
EndProject
Project("{8BC9CEB8-8B4A-11D0-8D11-00A0C91BC942}") = "CNG", "..\modules\CNG.vcproj", "{F4C04D4F-862A-B991-191C-3130EE0383A9}"
EndProject
Project("{8BC9CEB8-8B4A-11D0-8D11-00A0C91BC942}") = "G711", "..\modules\G711.vcproj", "{89689CDD-9EE1-09BA-3C98-5D734CBCF867}"
EndProject
Project("{8BC9CEB8-8B4A-11D0-8D11-00A0C91BC942}") = "G722", "..\modules\G722.vcproj", "{56B0265B-1DD5-ED91-AA73-05CFB44FCBF6}"
EndProject
Project("{8BC9CEB8-8B4A-11D0-8D11-00A0C91BC942}") = "NetEq", "..\modules\NetEq.vcproj", "{161908BA-AB03-702C-020B-CDD3FCC2BF84}"
EndProject
Project("{8BC9CEB8-8B4A-11D0-8D11-00A0C91BC942}") = "PCM16B", "..\modules\PCM16B.vcproj", "{DC151AB1-6B87-E2A7-3237-8A709F4BD17B}"
EndProject
Project("{8BC9CEB8-8B4A-11D0-8D11-00A0C91BC942}") = "audio_coding_module", "..\modules\audio_coding_module.vcproj", "{5F19BA4A-AA17-DF39-8954-EE75EAA3986D}"
EndProject
Project("{8BC9CEB8-8B4A-11D0-8D11-00A0C91BC942}") = "audio_conference_mixer", "..\modules\audio_conference_mixer.vcproj", "{E5C7533B-58D9-22E2-5BD5-29CB661693A4}"
EndProject
Project("{8BC9CEB8-8B4A-11D0-8D11-00A0C91BC942}") = "audio_device", "..\modules\audio_device.vcproj", "{341C17EA-D828-225C-2A61-B5F654E0C321}"
EndProject
Project("{8BC9CEB8-8B4A-11D0-8D11-00A0C91BC942}") = "audio_processing", "..\modules\audio_processing.vcproj", "{726FC020-FB76-E915-D270-CDCD382D7BE1}"
	ProjectSection(ProjectDependencies) = postProject
		{1FCB4AEA-1026-23ED-C7AB-5B3F3DB8C7C1} = {1FCB4AEA-1026-23ED-C7AB-5B3F3DB8C7C1}
	EndProjectSection
EndProject
Project("{8BC9CEB8-8B4A-11D0-8D11-00A0C91BC942}") = "audio_processing_sse2", "..\modules\audio_processing_sse2.vcproj", "{059F9BD4-EF7C-45D2-D468-05BBAF1F77A2}"
EndProject
Project("{8BC9CEB8-8B4A-11D0-8D11-00A0C91BC942}") = "audioproc_debug_proto", "..\modules\audioproc_debug_proto.vcproj", "{1FCB4AEA-1026-23ED-C7AB-5B3F3DB8C7C1}"
	ProjectSection(ProjectDependencies) = postProject
		{72D97AC6-20D5-DC70-038E-38FE2BF221A8} = {72D97AC6-20D5-DC70-038E-38FE2BF221A8}
	EndProjectSection
EndProject
Project("{8BC9CEB8-8B4A-11D0-8D11-00A0C91BC942}") = "common_video", "..\common_video\common_video.vcproj", "{A9085670-341F-A544-A4D8-567358B858E4}"
EndProject
Project("{8BC9CEB8-8B4A-11D0-8D11-00A0C91BC942}") = "config_sources", "..\..\third_party\yasm\config_sources.vcproj", "{E34CB1D6-CBC4-72A3-9732-0AC0E20C76AA}"
EndProject
Project("{8BC9CEB8-8B4A-11D0-8D11-00A0C91BC942}") = "gen_asm_offsets", "..\..\third_party\libvpx\gen_asm_offsets.vcproj", "{902FD989-6235-F40C-8600-0FA921C70442}"
	ProjectSection(ProjectDependencies) = postProject
		{41618958-492D-32CF-49B3-462E8F165A06} = {41618958-492D-32CF-49B3-462E8F165A06}
		{DE9589E0-97A2-5F52-D90A-A51DA9220E5D} = {DE9589E0-97A2-5F52-D90A-A51DA9220E5D}
	EndProjectSection
EndProject
Project("{8BC9CEB8-8B4A-11D0-8D11-00A0C91BC942}") = "generate_files", "..\..\third_party\yasm\generate_files.vcproj", "{591F8657-A1DB-4F32-C229-1F76F865F7DA}"
	ProjectSection(ProjectDependencies) = postProject
		{1BA9BE62-DC85-3877-6439-7F8F779D1362} = {1BA9BE62-DC85-3877-6439-7F8F779D1362}
		{06F686ED-9E10-C4CA-20C0-3F9375F475F5} = {06F686ED-9E10-C4CA-20C0-3F9375F475F5}
	EndProjectSection
EndProject
Project("{8BC9CEB8-8B4A-11D0-8D11-00A0C91BC942}") = "genmacro", "..\..\third_party\yasm\genmacro.vcproj", "{EC90D6EF-B375-3A83-5A29-CFBFB88ECDFC}"
	ProjectSection(ProjectDependencies) = postProject
		{E34CB1D6-CBC4-72A3-9732-0AC0E20C76AA} = {E34CB1D6-CBC4-72A3-9732-0AC0E20C76AA}
	EndProjectSection
EndProject
Project("{8BC9CEB8-8B4A-11D0-8D11-00A0C91BC942}") = "genmodule", "..\..\third_party\yasm\genmodule.vcproj", "{6EE6B94A-3655-2D4C-12F8-1663F8D7B7D5}"
	ProjectSection(ProjectDependencies) = postProject
		{E34CB1D6-CBC4-72A3-9732-0AC0E20C76AA} = {E34CB1D6-CBC4-72A3-9732-0AC0E20C76AA}
	EndProjectSection
EndProject
Project("{8BC9CEB8-8B4A-11D0-8D11-00A0C91BC942}") = "genperf", "..\..\third_party\yasm\genperf.vcproj", "{1BA9BE62-DC85-3877-6439-7F8F779D1362}"
	ProjectSection(ProjectDependencies) = postProject
		{7590F580-4979-811B-141C-5DF7C295146A} = {7590F580-4979-811B-141C-5DF7C295146A}
		{E34CB1D6-CBC4-72A3-9732-0AC0E20C76AA} = {E34CB1D6-CBC4-72A3-9732-0AC0E20C76AA}
	EndProjectSection
EndProject
Project("{8BC9CEB8-8B4A-11D0-8D11-00A0C91BC942}") = "genperf_libs", "..\..\third_party\yasm\genperf_libs.vcproj", "{7590F580-4979-811B-141C-5DF7C295146A}"
	ProjectSection(ProjectDependencies) = postProject
		{E34CB1D6-CBC4-72A3-9732-0AC0E20C76AA} = {E34CB1D6-CBC4-72A3-9732-0AC0E20C76AA}
	EndProjectSection
EndProject
Project("{8BC9CEB8-8B4A-11D0-8D11-00A0C91BC942}") = "genstring", "..\..\third_party\yasm\genstring.vcproj", "{4963A5A2-B975-EDFE-ED34-A4537CE781EE}"
	ProjectSection(ProjectDependencies) = postProject
		{E34CB1D6-CBC4-72A3-9732-0AC0E20C76AA} = {E34CB1D6-CBC4-72A3-9732-0AC0E20C76AA}
	EndProjectSection
EndProject
Project("{8BC9CEB8-8B4A-11D0-8D11-00A0C91BC942}") = "genversion", "..\..\third_party\yasm\genversion.vcproj", "{06F686ED-9E10-C4CA-20C0-3F9375F475F5}"
	ProjectSection(ProjectDependencies) = postProject
		{E34CB1D6-CBC4-72A3-9732-0AC0E20C76AA} = {E34CB1D6-CBC4-72A3-9732-0AC0E20C76AA}
	EndProjectSection
EndProject
Project("{8BC9CEB8-8B4A-11D0-8D11-00A0C91BC942}") = "gmock", "..\..\testing\gmock.vcproj", "{0AD72142-EFE0-2A22-7D10-6A293AD25A19}"
EndProject
Project("{8BC9CEB8-8B4A-11D0-8D11-00A0C91BC942}") = "google-gflags", "..\..\third_party\google-gflags\google-gflags.vcproj", "{A57DD036-30D8-B68A-7251-BAB71EE9CB08}"
EndProject
Project("{8BC9CEB8-8B4A-11D0-8D11-00A0C91BC942}") = "gtest", "..\..\testing\gtest.vcproj", "{366F942F-2800-778F-8575-6C7023354B74}"
	ProjectSection(ProjectDependencies) = postProject
		{F7A4254F-CE5E-2B23-E2FE-BA460478442D} = {F7A4254F-CE5E-2B23-E2FE-BA460478442D}
	EndProjectSection
EndProject
Project("{8BC9CEB8-8B4A-11D0-8D11-00A0C91BC942}") = "gtest_prod", "..\..\testing\gtest_prod.vcproj", "{F7A4254F-CE5E-2B23-E2FE-BA460478442D}"
EndProject
Project("{8BC9CEB8-8B4A-11D0-8D11-00A0C91BC942}") = "iLBC", "..\modules\iLBC.vcproj", "{697BA84F-589A-9A20-1A24-0650830CD6EE}"
EndProject
Project("{8BC9CEB8-8B4A-11D0-8D11-00A0C91BC942}") = "iSAC", "..\modules\iSAC.vcproj", "{6EBE03AA-E16A-F851-C823-8627B212D61C}"
EndProject
Project("{8BC9CEB8-8B4A-11D0-8D11-00A0C91BC942}") = "iSACFix", "..\modules\iSACFix.vcproj", "{AF542A37-483A-FD38-C210-773E698549BF}"
EndProject
Project("{8BC9CEB8-8B4A-11D0-8D11-00A0C91BC942}") = "libjpeg", "..\..\third_party\libjpeg_turbo\libjpeg.vcproj", "{25E7F57A-F0F3-941F-6E73-1D42AB039499}"
EndProject
Project("{8BC9CEB8-8B4A-11D0-8D11-00A0C91BC942}") = "libtest", "..\test\libtest\libtest.vcproj", "{BA8F101B-5CCE-A7DF-C92B-903CCCB2603E}"
EndProject
Project("{8BC9CEB8-8B4A-11D0-8D11-00A0C91BC942}") = "libvpx", "..\..\third_party\libvpx\libvpx.vcproj", "{177933EC-5E7A-96A1-6DB8-B5D03EE46034}"
	ProjectSection(ProjectDependencies) = postProject
		{902FD989-6235-F40C-8600-0FA921C70442} = {902FD989-6235-F40C-8600-0FA921C70442}
		{4E20A0BD-67F6-8188-7AB4-BA26DB3A774F} = {4E20A0BD-67F6-8188-7AB4-BA26DB3A774F}
	EndProjectSection
EndProject
Project("{8BC9CEB8-8B4A-11D0-8D11-00A0C91BC942}") = "libvpx_asm_offsets", "..\..\third_party\libvpx\libvpx_asm_offsets.vcproj", "{41618958-492D-32CF-49B3-462E8F165A06}"
EndProject
Project("{8BC9CEB8-8B4A-11D0-8D11-00A0C91BC942}") = "libvpx_obj_int_extract", "..\..\third_party\libvpx\libvpx_obj_int_extract.vcproj", "{DE9589E0-97A2-5F52-D90A-A51DA9220E5D}"
EndProject
Project("{8BC9CEB8-8B4A-11D0-8D11-00A0C91BC942}") = "libvpx_sse2", "..\..\third_party\libvpx\libvpx_sse2.vcproj", "{E9935C95-3291-F762-793A-E1603A68220A}"
EndProject
Project("{8BC9CEB8-8B4A-11D0-8D11-00A0C91BC942}") = "libyuv", "..\..\third_party\libyuv\libyuv.vcproj", "{FB78A4EF-7A3D-E65A-FCA4-BA82E8D44F88}"
EndProject
Project("{8BC9CEB8-8B4A-11D0-8D11-00A0C91BC942}") = "media_file", "..\modules\media_file.vcproj", "{553E6A63-3517-D85C-C3AF-18CADDE6EB74}"
EndProject
Project("{8BC9CEB8-8B4A-11D0-8D11-00A0C91BC942}") = "opus", "..\..\third_party\opus\opus.vcproj", "{12350606-1351-B3A3-03A0-9976B3E17B5F}"
EndProject
Project("{8BC9CEB8-8B4A-11D0-8D11-00A0C91BC942}") = "paced_sender", "..\modules\paced_sender.vcproj", "{442EF70C-A9E2-D85A-4B26-E145DBC6369C}"
EndProject
Project("{8BC9CEB8-8B4A-11D0-8D11-00A0C91BC942}") = "protobuf_full_do_not_use", "..\..\third_party\protobuf\protobuf_full_do_not_use.vcproj", "{0C58267D-0E20-C250-9233-0F052A4E0ACD}"
EndProject
Project("{8BC9CEB8-8B4A-11D0-8D11-00A0C91BC942}") = "protobuf_lite", "..\..\third_party\protobuf\protobuf_lite.vcproj", "{CCA661F7-BEA7-FC6A-C0F0-B702F3CB3C78}"
EndProject
Project("{8BC9CEB8-8B4A-11D0-8D11-00A0C91BC942}") = "protoc", "..\..\third_party\protobuf\protoc.vcproj", "{72D97AC6-20D5-DC70-038E-38FE2BF221A8}"
	ProjectSection(ProjectDependencies) = postProject
		{0C58267D-0E20-C250-9233-0F052A4E0ACD} = {0C58267D-0E20-C250-9233-0F052A4E0ACD}
		{CCA661F7-BEA7-FC6A-C0F0-B702F3CB3C78} = {CCA661F7-BEA7-FC6A-C0F0-B702F3CB3C78}
	EndProjectSection
EndProject
Project("{8BC9CEB8-8B4A-11D0-8D11-00A0C91BC942}") = "re2c", "..\..\third_party\yasm\re2c.vcproj", "{043E58E2-93EB-743E-3C0C-DD445570E53F}"
	ProjectSection(ProjectDependencies) = postProject
		{E34CB1D6-CBC4-72A3-9732-0AC0E20C76AA} = {E34CB1D6-CBC4-72A3-9732-0AC0E20C76AA}
	EndProjectSection
EndProject
Project("{8BC9CEB8-8B4A-11D0-8D11-00A0C91BC942}") = "remote_bitrate_estimator", "..\modules\remote_bitrate_estimator.vcproj", "{48041177-09FD-87A9-F6B5-B9D5D7954ADE}"
EndProject
Project("{8BC9CEB8-8B4A-11D0-8D11-00A0C91BC942}") = "resampler", "..\common_audio\resampler.vcproj", "{4B1C2751-58EF-CDD4-8799-67A67A431EC7}"
EndProject
Project("{8BC9CEB8-8B4A-11D0-8D11-00A0C91BC942}") = "rtp_rtcp", "..\modules\rtp_rtcp.vcproj", "{AF1AFD39-49B4-3134-9F33-0E91A1DA66A3}"
EndProject
Project("{8BC9CEB8-8B4A-11D0-8D11-00A0C91BC942}") = "signal_processing", "..\common_audio\signal_processing.vcproj", "{5F8D8819-7373-80B5-F1CF-D779E158BF60}"
EndProject
Project("{8BC9CEB8-8B4A-11D0-8D11-00A0C91BC942}") = "system_wrappers", "..\system_wrappers\source\system_wrappers.vcproj", "{02D22F17-FF28-15FE-59C2-7DE99730061D}"
EndProject
Project("{8BC9CEB8-8B4A-11D0-8D11-00A0C91BC942}") = "test_support", "..\test\test_support.vcproj", "{0A83BE20-E81D-2683-5C2F-8BA70437BD35}"
EndProject
Project("{8BC9CEB8-8B4A-11D0-8D11-00A0C91BC942}") = "test_support_main", "..\test\test_support_main.vcproj", "{C91377CA-D284-3FE1-00CC-5EC1DFBFA0F4}"
EndProject
Project("{8BC9CEB8-8B4A-11D0-8D11-00A0C91BC942}") = "udp_transport", "..\modules\udp_transport.vcproj", "{AC0583F5-4FA3-6F46-60F9-A23BA2481081}"
EndProject
Project("{8BC9CEB8-8B4A-11D0-8D11-00A0C91BC942}") = "vad", "..\common_audio\vad.vcproj", "{CBBB14C8-AAA0-F8D8-5CFD-9CDFF0891BDE}"
EndProject
Project("{8BC9CEB8-8B4A-11D0-8D11-00A0C91BC942}") = "voe_auto_test", "voe_auto_test.vcproj", "{8CFCD0A6-AC4A-888A-5576-4186830ED722}"
	ProjectSection(ProjectDependencies) = postProject
		{C46FABD2-CF31-0C3D-02B8-FBD58AAB8E57} = {C46FABD2-CF31-0C3D-02B8-FBD58AAB8E57}
		{02D22F17-FF28-15FE-59C2-7DE99730061D} = {02D22F17-FF28-15FE-59C2-7DE99730061D}
		{0A83BE20-E81D-2683-5C2F-8BA70437BD35} = {0A83BE20-E81D-2683-5C2F-8BA70437BD35}
		{366F942F-2800-778F-8575-6C7023354B74} = {366F942F-2800-778F-8575-6C7023354B74}
		{0AD72142-EFE0-2A22-7D10-6A293AD25A19} = {0AD72142-EFE0-2A22-7D10-6A293AD25A19}
		{A57DD036-30D8-B68A-7251-BAB71EE9CB08} = {A57DD036-30D8-B68A-7251-BAB71EE9CB08}
		{BA8F101B-5CCE-A7DF-C92B-903CCCB2603E} = {BA8F101B-5CCE-A7DF-C92B-903CCCB2603E}
		{4B1C2751-58EF-CDD4-8799-67A67A431EC7} = {4B1C2751-58EF-CDD4-8799-67A67A431EC7}
		{5F8D8819-7373-80B5-F1CF-D779E158BF60} = {5F8D8819-7373-80B5-F1CF-D779E158BF60}
		{5F19BA4A-AA17-DF39-8954-EE75EAA3986D} = {5F19BA4A-AA17-DF39-8954-EE75EAA3986D}
		{F4C04D4F-862A-B991-191C-3130EE0383A9} = {F4C04D4F-862A-B991-191C-3130EE0383A9}
		{89689CDD-9EE1-09BA-3C98-5D734CBCF867} = {89689CDD-9EE1-09BA-3C98-5D734CBCF867}
		{56B0265B-1DD5-ED91-AA73-05CFB44FCBF6} = {56B0265B-1DD5-ED91-AA73-05CFB44FCBF6}
		{697BA84F-589A-9A20-1A24-0650830CD6EE} = {697BA84F-589A-9A20-1A24-0650830CD6EE}
		{6EBE03AA-E16A-F851-C823-8627B212D61C} = {6EBE03AA-E16A-F851-C823-8627B212D61C}
		{AF542A37-483A-FD38-C210-773E698549BF} = {AF542A37-483A-FD38-C210-773E698549BF}
		{DC151AB1-6B87-E2A7-3237-8A709F4BD17B} = {DC151AB1-6B87-E2A7-3237-8A709F4BD17B}
		{161908BA-AB03-702C-020B-CDD3FCC2BF84} = {161908BA-AB03-702C-020B-CDD3FCC2BF84}
		{CBBB14C8-AAA0-F8D8-5CFD-9CDFF0891BDE} = {CBBB14C8-AAA0-F8D8-5CFD-9CDFF0891BDE}
		{72DCFCB9-2E3A-EDF7-FE61-A2C55E0E37D7} = {72DCFCB9-2E3A-EDF7-FE61-A2C55E0E37D7}
		{12350606-1351-B3A3-03A0-9976B3E17B5F} = {12350606-1351-B3A3-03A0-9976B3E17B5F}
		{E5C7533B-58D9-22E2-5BD5-29CB661693A4} = {E5C7533B-58D9-22E2-5BD5-29CB661693A4}
		{726FC020-FB76-E915-D270-CDCD382D7BE1} = {726FC020-FB76-E915-D270-CDCD382D7BE1}
		{1FCB4AEA-1026-23ED-C7AB-5B3F3DB8C7C1} = {1FCB4AEA-1026-23ED-C7AB-5B3F3DB8C7C1}
		{CCA661F7-BEA7-FC6A-C0F0-B702F3CB3C78} = {CCA661F7-BEA7-FC6A-C0F0-B702F3CB3C78}
		{059F9BD4-EF7C-45D2-D468-05BBAF1F77A2} = {059F9BD4-EF7C-45D2-D468-05BBAF1F77A2}
		{B251B3D6-9154-872B-F049-5285E5319D4F} = {B251B3D6-9154-872B-F049-5285E5319D4F}
		{E0BC47B4-3625-C8F0-0970-977294E3A6C6} = {E0BC47B4-3625-C8F0-0970-977294E3A6C6}
		{C21DD463-E675-C45E-3BB5-7085BBA4C50D} = {C21DD463-E675-C45E-3BB5-7085BBA4C50D}
		{A9085670-341F-A544-A4D8-567358B858E4} = {A9085670-341F-A544-A4D8-567358B858E4}
		{25E7F57A-F0F3-941F-6E73-1D42AB039499} = {25E7F57A-F0F3-941F-6E73-1D42AB039499}
		{FB78A4EF-7A3D-E65A-FCA4-BA82E8D44F88} = {FB78A4EF-7A3D-E65A-FCA4-BA82E8D44F88}
		{7A0C5EE0-C175-62DE-2829-A46BBC8CF9CB} = {7A0C5EE0-C175-62DE-2829-A46BBC8CF9CB}
		{177933EC-5E7A-96A1-6DB8-B5D03EE46034} = {177933EC-5E7A-96A1-6DB8-B5D03EE46034}
		{902FD989-6235-F40C-8600-0FA921C70442} = {902FD989-6235-F40C-8600-0FA921C70442}
		{41618958-492D-32CF-49B3-462E8F165A06} = {41618958-492D-32CF-49B3-462E8F165A06}
		{E9935C95-3291-F762-793A-E1603A68220A} = {E9935C95-3291-F762-793A-E1603A68220A}
		{341C17EA-D828-225C-2A61-B5F654E0C321} = {341C17EA-D828-225C-2A61-B5F654E0C321}
		{553E6A63-3517-D85C-C3AF-18CADDE6EB74} = {553E6A63-3517-D85C-C3AF-18CADDE6EB74}
		{AF1AFD39-49B4-3134-9F33-0E91A1DA66A3} = {AF1AFD39-49B4-3134-9F33-0E91A1DA66A3}
		{48041177-09FD-87A9-F6B5-B9D5D7954ADE} = {48041177-09FD-87A9-F6B5-B9D5D7954ADE}
		{442EF70C-A9E2-D85A-4B26-E145DBC6369C} = {442EF70C-A9E2-D85A-4B26-E145DBC6369C}
		{AC0583F5-4FA3-6F46-60F9-A23BA2481081} = {AC0583F5-4FA3-6F46-60F9-A23BA2481081}
		{F7A4254F-CE5E-2B23-E2FE-BA460478442D} = {F7A4254F-CE5E-2B23-E2FE-BA460478442D}
	EndProjectSection
EndProject
Project("{8BC9CEB8-8B4A-11D0-8D11-00A0C91BC942}") = "voe_cmd_test", "voe_cmd_test.vcproj", "{58F1D0EE-1438-67FB-5055-67D60992F466}"
	ProjectSection(ProjectDependencies) = postProject
		{0A83BE20-E81D-2683-5C2F-8BA70437BD35} = {0A83BE20-E81D-2683-5C2F-8BA70437BD35}
		{366F942F-2800-778F-8575-6C7023354B74} = {366F942F-2800-778F-8575-6C7023354B74}
		{C46FABD2-CF31-0C3D-02B8-FBD58AAB8E57} = {C46FABD2-CF31-0C3D-02B8-FBD58AAB8E57}
		{02D22F17-FF28-15FE-59C2-7DE99730061D} = {02D22F17-FF28-15FE-59C2-7DE99730061D}
		{F7A4254F-CE5E-2B23-E2FE-BA460478442D} = {F7A4254F-CE5E-2B23-E2FE-BA460478442D}
		{0AD72142-EFE0-2A22-7D10-6A293AD25A19} = {0AD72142-EFE0-2A22-7D10-6A293AD25A19}
		{4B1C2751-58EF-CDD4-8799-67A67A431EC7} = {4B1C2751-58EF-CDD4-8799-67A67A431EC7}
		{5F8D8819-7373-80B5-F1CF-D779E158BF60} = {5F8D8819-7373-80B5-F1CF-D779E158BF60}
		{5F19BA4A-AA17-DF39-8954-EE75EAA3986D} = {5F19BA4A-AA17-DF39-8954-EE75EAA3986D}
		{F4C04D4F-862A-B991-191C-3130EE0383A9} = {F4C04D4F-862A-B991-191C-3130EE0383A9}
		{89689CDD-9EE1-09BA-3C98-5D734CBCF867} = {89689CDD-9EE1-09BA-3C98-5D734CBCF867}
		{56B0265B-1DD5-ED91-AA73-05CFB44FCBF6} = {56B0265B-1DD5-ED91-AA73-05CFB44FCBF6}
		{697BA84F-589A-9A20-1A24-0650830CD6EE} = {697BA84F-589A-9A20-1A24-0650830CD6EE}
		{6EBE03AA-E16A-F851-C823-8627B212D61C} = {6EBE03AA-E16A-F851-C823-8627B212D61C}
		{AF542A37-483A-FD38-C210-773E698549BF} = {AF542A37-483A-FD38-C210-773E698549BF}
		{DC151AB1-6B87-E2A7-3237-8A709F4BD17B} = {DC151AB1-6B87-E2A7-3237-8A709F4BD17B}
		{161908BA-AB03-702C-020B-CDD3FCC2BF84} = {161908BA-AB03-702C-020B-CDD3FCC2BF84}
		{CBBB14C8-AAA0-F8D8-5CFD-9CDFF0891BDE} = {CBBB14C8-AAA0-F8D8-5CFD-9CDFF0891BDE}
		{72DCFCB9-2E3A-EDF7-FE61-A2C55E0E37D7} = {72DCFCB9-2E3A-EDF7-FE61-A2C55E0E37D7}
		{12350606-1351-B3A3-03A0-9976B3E17B5F} = {12350606-1351-B3A3-03A0-9976B3E17B5F}
		{E5C7533B-58D9-22E2-5BD5-29CB661693A4} = {E5C7533B-58D9-22E2-5BD5-29CB661693A4}
		{726FC020-FB76-E915-D270-CDCD382D7BE1} = {726FC020-FB76-E915-D270-CDCD382D7BE1}
		{1FCB4AEA-1026-23ED-C7AB-5B3F3DB8C7C1} = {1FCB4AEA-1026-23ED-C7AB-5B3F3DB8C7C1}
		{CCA661F7-BEA7-FC6A-C0F0-B702F3CB3C78} = {CCA661F7-BEA7-FC6A-C0F0-B702F3CB3C78}
		{059F9BD4-EF7C-45D2-D468-05BBAF1F77A2} = {059F9BD4-EF7C-45D2-D468-05BBAF1F77A2}
		{B251B3D6-9154-872B-F049-5285E5319D4F} = {B251B3D6-9154-872B-F049-5285E5319D4F}
		{E0BC47B4-3625-C8F0-0970-977294E3A6C6} = {E0BC47B4-3625-C8F0-0970-977294E3A6C6}
		{C21DD463-E675-C45E-3BB5-7085BBA4C50D} = {C21DD463-E675-C45E-3BB5-7085BBA4C50D}
		{A9085670-341F-A544-A4D8-567358B858E4} = {A9085670-341F-A544-A4D8-567358B858E4}
		{25E7F57A-F0F3-941F-6E73-1D42AB039499} = {25E7F57A-F0F3-941F-6E73-1D42AB039499}
		{FB78A4EF-7A3D-E65A-FCA4-BA82E8D44F88} = {FB78A4EF-7A3D-E65A-FCA4-BA82E8D44F88}
		{7A0C5EE0-C175-62DE-2829-A46BBC8CF9CB} = {7A0C5EE0-C175-62DE-2829-A46BBC8CF9CB}
		{177933EC-5E7A-96A1-6DB8-B5D03EE46034} = {177933EC-5E7A-96A1-6DB8-B5D03EE46034}
		{902FD989-6235-F40C-8600-0FA921C70442} = {902FD989-6235-F40C-8600-0FA921C70442}
		{41618958-492D-32CF-49B3-462E8F165A06} = {41618958-492D-32CF-49B3-462E8F165A06}
		{E9935C95-3291-F762-793A-E1603A68220A} = {E9935C95-3291-F762-793A-E1603A68220A}
		{341C17EA-D828-225C-2A61-B5F654E0C321} = {341C17EA-D828-225C-2A61-B5F654E0C321}
		{553E6A63-3517-D85C-C3AF-18CADDE6EB74} = {553E6A63-3517-D85C-C3AF-18CADDE6EB74}
		{AF1AFD39-49B4-3134-9F33-0E91A1DA66A3} = {AF1AFD39-49B4-3134-9F33-0E91A1DA66A3}
		{48041177-09FD-87A9-F6B5-B9D5D7954ADE} = {48041177-09FD-87A9-F6B5-B9D5D7954ADE}
		{442EF70C-A9E2-D85A-4B26-E145DBC6369C} = {442EF70C-A9E2-D85A-4B26-E145DBC6369C}
		{AC0583F5-4FA3-6F46-60F9-A23BA2481081} = {AC0583F5-4FA3-6F46-60F9-A23BA2481081}
	EndProjectSection
EndProject
Project("{8BC9CEB8-8B4A-11D0-8D11-00A0C91BC942}") = "voe_ui_win_test", "voe_ui_win_test.vcproj", "{B3FFD49C-AACB-5DBF-5DAC-247755367DF8}"
	ProjectSection(ProjectDependencies) = postProject
		{C46FABD2-CF31-0C3D-02B8-FBD58AAB8E57} = {C46FABD2-CF31-0C3D-02B8-FBD58AAB8E57}
		{02D22F17-FF28-15FE-59C2-7DE99730061D} = {02D22F17-FF28-15FE-59C2-7DE99730061D}
		{0A83BE20-E81D-2683-5C2F-8BA70437BD35} = {0A83BE20-E81D-2683-5C2F-8BA70437BD35}
		{4B1C2751-58EF-CDD4-8799-67A67A431EC7} = {4B1C2751-58EF-CDD4-8799-67A67A431EC7}
		{5F8D8819-7373-80B5-F1CF-D779E158BF60} = {5F8D8819-7373-80B5-F1CF-D779E158BF60}
		{5F19BA4A-AA17-DF39-8954-EE75EAA3986D} = {5F19BA4A-AA17-DF39-8954-EE75EAA3986D}
		{F4C04D4F-862A-B991-191C-3130EE0383A9} = {F4C04D4F-862A-B991-191C-3130EE0383A9}
		{89689CDD-9EE1-09BA-3C98-5D734CBCF867} = {89689CDD-9EE1-09BA-3C98-5D734CBCF867}
		{56B0265B-1DD5-ED91-AA73-05CFB44FCBF6} = {56B0265B-1DD5-ED91-AA73-05CFB44FCBF6}
		{697BA84F-589A-9A20-1A24-0650830CD6EE} = {697BA84F-589A-9A20-1A24-0650830CD6EE}
		{6EBE03AA-E16A-F851-C823-8627B212D61C} = {6EBE03AA-E16A-F851-C823-8627B212D61C}
		{AF542A37-483A-FD38-C210-773E698549BF} = {AF542A37-483A-FD38-C210-773E698549BF}
		{DC151AB1-6B87-E2A7-3237-8A709F4BD17B} = {DC151AB1-6B87-E2A7-3237-8A709F4BD17B}
		{161908BA-AB03-702C-020B-CDD3FCC2BF84} = {161908BA-AB03-702C-020B-CDD3FCC2BF84}
		{CBBB14C8-AAA0-F8D8-5CFD-9CDFF0891BDE} = {CBBB14C8-AAA0-F8D8-5CFD-9CDFF0891BDE}
		{72DCFCB9-2E3A-EDF7-FE61-A2C55E0E37D7} = {72DCFCB9-2E3A-EDF7-FE61-A2C55E0E37D7}
		{12350606-1351-B3A3-03A0-9976B3E17B5F} = {12350606-1351-B3A3-03A0-9976B3E17B5F}
		{E5C7533B-58D9-22E2-5BD5-29CB661693A4} = {E5C7533B-58D9-22E2-5BD5-29CB661693A4}
		{726FC020-FB76-E915-D270-CDCD382D7BE1} = {726FC020-FB76-E915-D270-CDCD382D7BE1}
		{1FCB4AEA-1026-23ED-C7AB-5B3F3DB8C7C1} = {1FCB4AEA-1026-23ED-C7AB-5B3F3DB8C7C1}
		{CCA661F7-BEA7-FC6A-C0F0-B702F3CB3C78} = {CCA661F7-BEA7-FC6A-C0F0-B702F3CB3C78}
		{059F9BD4-EF7C-45D2-D468-05BBAF1F77A2} = {059F9BD4-EF7C-45D2-D468-05BBAF1F77A2}
		{B251B3D6-9154-872B-F049-5285E5319D4F} = {B251B3D6-9154-872B-F049-5285E5319D4F}
		{E0BC47B4-3625-C8F0-0970-977294E3A6C6} = {E0BC47B4-3625-C8F0-0970-977294E3A6C6}
		{C21DD463-E675-C45E-3BB5-7085BBA4C50D} = {C21DD463-E675-C45E-3BB5-7085BBA4C50D}
		{A9085670-341F-A544-A4D8-567358B858E4} = {A9085670-341F-A544-A4D8-567358B858E4}
		{25E7F57A-F0F3-941F-6E73-1D42AB039499} = {25E7F57A-F0F3-941F-6E73-1D42AB039499}
		{FB78A4EF-7A3D-E65A-FCA4-BA82E8D44F88} = {FB78A4EF-7A3D-E65A-FCA4-BA82E8D44F88}
		{7A0C5EE0-C175-62DE-2829-A46BBC8CF9CB} = {7A0C5EE0-C175-62DE-2829-A46BBC8CF9CB}
		{177933EC-5E7A-96A1-6DB8-B5D03EE46034} = {177933EC-5E7A-96A1-6DB8-B5D03EE46034}
		{902FD989-6235-F40C-8600-0FA921C70442} = {902FD989-6235-F40C-8600-0FA921C70442}
		{41618958-492D-32CF-49B3-462E8F165A06} = {41618958-492D-32CF-49B3-462E8F165A06}
		{E9935C95-3291-F762-793A-E1603A68220A} = {E9935C95-3291-F762-793A-E1603A68220A}
		{341C17EA-D828-225C-2A61-B5F654E0C321} = {341C17EA-D828-225C-2A61-B5F654E0C321}
		{553E6A63-3517-D85C-C3AF-18CADDE6EB74} = {553E6A63-3517-D85C-C3AF-18CADDE6EB74}
		{AF1AFD39-49B4-3134-9F33-0E91A1DA66A3} = {AF1AFD39-49B4-3134-9F33-0E91A1DA66A3}
		{48041177-09FD-87A9-F6B5-B9D5D7954ADE} = {48041177-09FD-87A9-F6B5-B9D5D7954ADE}
		{442EF70C-A9E2-D85A-4B26-E145DBC6369C} = {442EF70C-A9E2-D85A-4B26-E145DBC6369C}
		{AC0583F5-4FA3-6F46-60F9-A23BA2481081} = {AC0583F5-4FA3-6F46-60F9-A23BA2481081}
		{366F942F-2800-778F-8575-6C7023354B74} = {366F942F-2800-778F-8575-6C7023354B74}
		{F7A4254F-CE5E-2B23-E2FE-BA460478442D} = {F7A4254F-CE5E-2B23-E2FE-BA460478442D}
		{0AD72142-EFE0-2A22-7D10-6A293AD25A19} = {0AD72142-EFE0-2A22-7D10-6A293AD25A19}
	EndProjectSection
EndProject
Project("{8BC9CEB8-8B4A-11D0-8D11-00A0C91BC942}") = "voice_engine_core", "voice_engine_core.vcproj", "{C46FABD2-CF31-0C3D-02B8-FBD58AAB8E57}"
EndProject
Project("{8BC9CEB8-8B4A-11D0-8D11-00A0C91BC942}") = "voice_engine_unittests", "voice_engine_unittests.vcproj", "{77A6B94F-88C0-5876-AE79-F6EB687A6381}"
	ProjectSection(ProjectDependencies) = postProject
		{C46FABD2-CF31-0C3D-02B8-FBD58AAB8E57} = {C46FABD2-CF31-0C3D-02B8-FBD58AAB8E57}
		{366F942F-2800-778F-8575-6C7023354B74} = {366F942F-2800-778F-8575-6C7023354B74}
		{C91377CA-D284-3FE1-00CC-5EC1DFBFA0F4} = {C91377CA-D284-3FE1-00CC-5EC1DFBFA0F4}
		{4B1C2751-58EF-CDD4-8799-67A67A431EC7} = {4B1C2751-58EF-CDD4-8799-67A67A431EC7}
		{341C17EA-D828-225C-2A61-B5F654E0C321} = {341C17EA-D828-225C-2A61-B5F654E0C321}
		{726FC020-FB76-E915-D270-CDCD382D7BE1} = {726FC020-FB76-E915-D270-CDCD382D7BE1}
		{5F19BA4A-AA17-DF39-8954-EE75EAA3986D} = {5F19BA4A-AA17-DF39-8954-EE75EAA3986D}
		{E5C7533B-58D9-22E2-5BD5-29CB661693A4} = {E5C7533B-58D9-22E2-5BD5-29CB661693A4}
		{553E6A63-3517-D85C-C3AF-18CADDE6EB74} = {553E6A63-3517-D85C-C3AF-18CADDE6EB74}
		{AF1AFD39-49B4-3134-9F33-0E91A1DA66A3} = {AF1AFD39-49B4-3134-9F33-0E91A1DA66A3}
		{AC0583F5-4FA3-6F46-60F9-A23BA2481081} = {AC0583F5-4FA3-6F46-60F9-A23BA2481081}
		{B251B3D6-9154-872B-F049-5285E5319D4F} = {B251B3D6-9154-872B-F049-5285E5319D4F}
		{02D22F17-FF28-15FE-59C2-7DE99730061D} = {02D22F17-FF28-15FE-59C2-7DE99730061D}
		{5F8D8819-7373-80B5-F1CF-D779E158BF60} = {5F8D8819-7373-80B5-F1CF-D779E158BF60}
		{F4C04D4F-862A-B991-191C-3130EE0383A9} = {F4C04D4F-862A-B991-191C-3130EE0383A9}
		{89689CDD-9EE1-09BA-3C98-5D734CBCF867} = {89689CDD-9EE1-09BA-3C98-5D734CBCF867}
		{56B0265B-1DD5-ED91-AA73-05CFB44FCBF6} = {56B0265B-1DD5-ED91-AA73-05CFB44FCBF6}
		{697BA84F-589A-9A20-1A24-0650830CD6EE} = {697BA84F-589A-9A20-1A24-0650830CD6EE}
		{6EBE03AA-E16A-F851-C823-8627B212D61C} = {6EBE03AA-E16A-F851-C823-8627B212D61C}
		{AF542A37-483A-FD38-C210-773E698549BF} = {AF542A37-483A-FD38-C210-773E698549BF}
		{DC151AB1-6B87-E2A7-3237-8A709F4BD17B} = {DC151AB1-6B87-E2A7-3237-8A709F4BD17B}
		{161908BA-AB03-702C-020B-CDD3FCC2BF84} = {161908BA-AB03-702C-020B-CDD3FCC2BF84}
		{CBBB14C8-AAA0-F8D8-5CFD-9CDFF0891BDE} = {CBBB14C8-AAA0-F8D8-5CFD-9CDFF0891BDE}
		{72DCFCB9-2E3A-EDF7-FE61-A2C55E0E37D7} = {72DCFCB9-2E3A-EDF7-FE61-A2C55E0E37D7}
		{12350606-1351-B3A3-03A0-9976B3E17B5F} = {12350606-1351-B3A3-03A0-9976B3E17B5F}
		{1FCB4AEA-1026-23ED-C7AB-5B3F3DB8C7C1} = {1FCB4AEA-1026-23ED-C7AB-5B3F3DB8C7C1}
		{CCA661F7-BEA7-FC6A-C0F0-B702F3CB3C78} = {CCA661F7-BEA7-FC6A-C0F0-B702F3CB3C78}
		{059F9BD4-EF7C-45D2-D468-05BBAF1F77A2} = {059F9BD4-EF7C-45D2-D468-05BBAF1F77A2}
		{E0BC47B4-3625-C8F0-0970-977294E3A6C6} = {E0BC47B4-3625-C8F0-0970-977294E3A6C6}
		{C21DD463-E675-C45E-3BB5-7085BBA4C50D} = {C21DD463-E675-C45E-3BB5-7085BBA4C50D}
		{A9085670-341F-A544-A4D8-567358B858E4} = {A9085670-341F-A544-A4D8-567358B858E4}
		{25E7F57A-F0F3-941F-6E73-1D42AB039499} = {25E7F57A-F0F3-941F-6E73-1D42AB039499}
		{FB78A4EF-7A3D-E65A-FCA4-BA82E8D44F88} = {FB78A4EF-7A3D-E65A-FCA4-BA82E8D44F88}
		{7A0C5EE0-C175-62DE-2829-A46BBC8CF9CB} = {7A0C5EE0-C175-62DE-2829-A46BBC8CF9CB}
		{177933EC-5E7A-96A1-6DB8-B5D03EE46034} = {177933EC-5E7A-96A1-6DB8-B5D03EE46034}
		{902FD989-6235-F40C-8600-0FA921C70442} = {902FD989-6235-F40C-8600-0FA921C70442}
		{41618958-492D-32CF-49B3-462E8F165A06} = {41618958-492D-32CF-49B3-462E8F165A06}
		{E9935C95-3291-F762-793A-E1603A68220A} = {E9935C95-3291-F762-793A-E1603A68220A}
		{48041177-09FD-87A9-F6B5-B9D5D7954ADE} = {48041177-09FD-87A9-F6B5-B9D5D7954ADE}
		{442EF70C-A9E2-D85A-4B26-E145DBC6369C} = {442EF70C-A9E2-D85A-4B26-E145DBC6369C}
		{F7A4254F-CE5E-2B23-E2FE-BA460478442D} = {F7A4254F-CE5E-2B23-E2FE-BA460478442D}
		{0A83BE20-E81D-2683-5C2F-8BA70437BD35} = {0A83BE20-E81D-2683-5C2F-8BA70437BD35}
		{0AD72142-EFE0-2A22-7D10-6A293AD25A19} = {0AD72142-EFE0-2A22-7D10-6A293AD25A19}
	EndProjectSection
EndProject
Project("{8BC9CEB8-8B4A-11D0-8D11-00A0C91BC942}") = "webrtc_i420", "..\modules\webrtc_i420.vcproj", "{C21DD463-E675-C45E-3BB5-7085BBA4C50D}"
EndProject
Project("{8BC9CEB8-8B4A-11D0-8D11-00A0C91BC942}") = "webrtc_opus", "..\modules\webrtc_opus.vcproj", "{72DCFCB9-2E3A-EDF7-FE61-A2C55E0E37D7}"
EndProject
Project("{8BC9CEB8-8B4A-11D0-8D11-00A0C91BC942}") = "webrtc_utility", "..\modules\webrtc_utility.vcproj", "{B251B3D6-9154-872B-F049-5285E5319D4F}"
EndProject
Project("{8BC9CEB8-8B4A-11D0-8D11-00A0C91BC942}") = "webrtc_video_coding", "..\modules\webrtc_video_coding.vcproj", "{E0BC47B4-3625-C8F0-0970-977294E3A6C6}"
EndProject
Project("{8BC9CEB8-8B4A-11D0-8D11-00A0C91BC942}") = "webrtc_vp8", "..\modules\video_coding\codecs\vp8\webrtc_vp8.vcproj", "{7A0C5EE0-C175-62DE-2829-A46BBC8CF9CB}"
EndProject
Project("{8BC9CEB8-8B4A-11D0-8D11-00A0C91BC942}") = "yasm", "..\..\third_party\yasm\yasm.vcproj", "{4E20A0BD-67F6-8188-7AB4-BA26DB3A774F}"
	ProjectSection(ProjectDependencies) = postProject
		{E34CB1D6-CBC4-72A3-9732-0AC0E20C76AA} = {E34CB1D6-CBC4-72A3-9732-0AC0E20C76AA}
		{EC90D6EF-B375-3A83-5A29-CFBFB88ECDFC} = {EC90D6EF-B375-3A83-5A29-CFBFB88ECDFC}
		{6EE6B94A-3655-2D4C-12F8-1663F8D7B7D5} = {6EE6B94A-3655-2D4C-12F8-1663F8D7B7D5}
		{1BA9BE62-DC85-3877-6439-7F8F779D1362} = {1BA9BE62-DC85-3877-6439-7F8F779D1362}
		{7590F580-4979-811B-141C-5DF7C295146A} = {7590F580-4979-811B-141C-5DF7C295146A}
		{591F8657-A1DB-4F32-C229-1F76F865F7DA} = {591F8657-A1DB-4F32-C229-1F76F865F7DA}
		{4963A5A2-B975-EDFE-ED34-A4537CE781EE} = {4963A5A2-B975-EDFE-ED34-A4537CE781EE}
		{043E58E2-93EB-743E-3C0C-DD445570E53F} = {043E58E2-93EB-743E-3C0C-DD445570E53F}
	EndProjectSection
EndProject
Global
	GlobalSection(SolutionConfigurationPlatforms) = preSolution
		Release|x64 = Release|x64
		Debug|Win32 = Debug|Win32
		Debug|x64 = Debug|x64
		Release|Win32 = Release|Win32
	EndGlobalSection
	GlobalSection(ProjectConfigurationPlatforms) = postSolution
		{02D22F17-FF28-15FE-59C2-7DE99730061D}.Release|x64.ActiveCfg = Release|x64
		{02D22F17-FF28-15FE-59C2-7DE99730061D}.Release|x64.Build.0 = Release|x64
		{02D22F17-FF28-15FE-59C2-7DE99730061D}.Debug|Win32.ActiveCfg = Debug|Win32
		{02D22F17-FF28-15FE-59C2-7DE99730061D}.Debug|Win32.Build.0 = Debug|Win32
		{02D22F17-FF28-15FE-59C2-7DE99730061D}.Debug|x64.ActiveCfg = Debug|x64
		{02D22F17-FF28-15FE-59C2-7DE99730061D}.Debug|x64.Build.0 = Debug|x64
		{02D22F17-FF28-15FE-59C2-7DE99730061D}.Release|Win32.ActiveCfg = Release|Win32
		{02D22F17-FF28-15FE-59C2-7DE99730061D}.Release|Win32.Build.0 = Release|Win32
		{043E58E2-93EB-743E-3C0C-DD445570E53F}.Release|x64.ActiveCfg = Release|x64
		{043E58E2-93EB-743E-3C0C-DD445570E53F}.Release|x64.Build.0 = Release|x64
		{043E58E2-93EB-743E-3C0C-DD445570E53F}.Debug|Win32.ActiveCfg = Debug|Win32
		{043E58E2-93EB-743E-3C0C-DD445570E53F}.Debug|Win32.Build.0 = Debug|Win32
		{043E58E2-93EB-743E-3C0C-DD445570E53F}.Debug|x64.ActiveCfg = Debug|x64
		{043E58E2-93EB-743E-3C0C-DD445570E53F}.Debug|x64.Build.0 = Debug|x64
		{043E58E2-93EB-743E-3C0C-DD445570E53F}.Release|Win32.ActiveCfg = Release|Win32
		{043E58E2-93EB-743E-3C0C-DD445570E53F}.Release|Win32.Build.0 = Release|Win32
		{059F9BD4-EF7C-45D2-D468-05BBAF1F77A2}.Release|x64.ActiveCfg = Release|x64
		{059F9BD4-EF7C-45D2-D468-05BBAF1F77A2}.Release|x64.Build.0 = Release|x64
		{059F9BD4-EF7C-45D2-D468-05BBAF1F77A2}.Debug|Win32.ActiveCfg = Debug|Win32
		{059F9BD4-EF7C-45D2-D468-05BBAF1F77A2}.Debug|Win32.Build.0 = Debug|Win32
		{059F9BD4-EF7C-45D2-D468-05BBAF1F77A2}.Debug|x64.ActiveCfg = Debug|x64
		{059F9BD4-EF7C-45D2-D468-05BBAF1F77A2}.Debug|x64.Build.0 = Debug|x64
		{059F9BD4-EF7C-45D2-D468-05BBAF1F77A2}.Release|Win32.ActiveCfg = Release|Win32
		{059F9BD4-EF7C-45D2-D468-05BBAF1F77A2}.Release|Win32.Build.0 = Release|Win32
		{06F686ED-9E10-C4CA-20C0-3F9375F475F5}.Release|x64.ActiveCfg = Release|x64
		{06F686ED-9E10-C4CA-20C0-3F9375F475F5}.Release|x64.Build.0 = Release|x64
		{06F686ED-9E10-C4CA-20C0-3F9375F475F5}.Debug|Win32.ActiveCfg = Debug|Win32
		{06F686ED-9E10-C4CA-20C0-3F9375F475F5}.Debug|Win32.Build.0 = Debug|Win32
		{06F686ED-9E10-C4CA-20C0-3F9375F475F5}.Debug|x64.ActiveCfg = Debug|x64
		{06F686ED-9E10-C4CA-20C0-3F9375F475F5}.Debug|x64.Build.0 = Debug|x64
		{06F686ED-9E10-C4CA-20C0-3F9375F475F5}.Release|Win32.ActiveCfg = Release|Win32
		{06F686ED-9E10-C4CA-20C0-3F9375F475F5}.Release|Win32.Build.0 = Release|Win32
		{0A83BE20-E81D-2683-5C2F-8BA70437BD35}.Release|x64.ActiveCfg = Release|x64
		{0A83BE20-E81D-2683-5C2F-8BA70437BD35}.Release|x64.Build.0 = Release|x64
		{0A83BE20-E81D-2683-5C2F-8BA70437BD35}.Debug|Win32.ActiveCfg = Debug|Win32
		{0A83BE20-E81D-2683-5C2F-8BA70437BD35}.Debug|Win32.Build.0 = Debug|Win32
		{0A83BE20-E81D-2683-5C2F-8BA70437BD35}.Debug|x64.ActiveCfg = Debug|x64
		{0A83BE20-E81D-2683-5C2F-8BA70437BD35}.Debug|x64.Build.0 = Debug|x64
		{0A83BE20-E81D-2683-5C2F-8BA70437BD35}.Release|Win32.ActiveCfg = Release|Win32
		{0A83BE20-E81D-2683-5C2F-8BA70437BD35}.Release|Win32.Build.0 = Release|Win32
		{0AD72142-EFE0-2A22-7D10-6A293AD25A19}.Release|x64.ActiveCfg = Release|x64
		{0AD72142-EFE0-2A22-7D10-6A293AD25A19}.Release|x64.Build.0 = Release|x64
		{0AD72142-EFE0-2A22-7D10-6A293AD25A19}.Debug|Win32.ActiveCfg = Debug|Win32
		{0AD72142-EFE0-2A22-7D10-6A293AD25A19}.Debug|Win32.Build.0 = Debug|Win32
		{0AD72142-EFE0-2A22-7D10-6A293AD25A19}.Debug|x64.ActiveCfg = Debug|x64
		{0AD72142-EFE0-2A22-7D10-6A293AD25A19}.Debug|x64.Build.0 = Debug|x64
		{0AD72142-EFE0-2A22-7D10-6A293AD25A19}.Release|Win32.ActiveCfg = Release|Win32
		{0AD72142-EFE0-2A22-7D10-6A293AD25A19}.Release|Win32.Build.0 = Release|Win32
		{0C58267D-0E20-C250-9233-0F052A4E0ACD}.Release|x64.ActiveCfg = Release|x64
		{0C58267D-0E20-C250-9233-0F052A4E0ACD}.Release|x64.Build.0 = Release|x64
		{0C58267D-0E20-C250-9233-0F052A4E0ACD}.Debug|Win32.ActiveCfg = Debug|Win32
		{0C58267D-0E20-C250-9233-0F052A4E0ACD}.Debug|Win32.Build.0 = Debug|Win32
		{0C58267D-0E20-C250-9233-0F052A4E0ACD}.Debug|x64.ActiveCfg = Debug|x64
		{0C58267D-0E20-C250-9233-0F052A4E0ACD}.Debug|x64.Build.0 = Debug|x64
		{0C58267D-0E20-C250-9233-0F052A4E0ACD}.Release|Win32.ActiveCfg = Release|Win32
		{0C58267D-0E20-C250-9233-0F052A4E0ACD}.Release|Win32.Build.0 = Release|Win32
		{12350606-1351-B3A3-03A0-9976B3E17B5F}.Release|x64.ActiveCfg = Release|x64
		{12350606-1351-B3A3-03A0-9976B3E17B5F}.Release|x64.Build.0 = Release|x64
		{12350606-1351-B3A3-03A0-9976B3E17B5F}.Debug|Win32.ActiveCfg = Debug|Win32
		{12350606-1351-B3A3-03A0-9976B3E17B5F}.Debug|Win32.Build.0 = Debug|Win32
		{12350606-1351-B3A3-03A0-9976B3E17B5F}.Debug|x64.ActiveCfg = Debug|x64
		{12350606-1351-B3A3-03A0-9976B3E17B5F}.Debug|x64.Build.0 = Debug|x64
		{12350606-1351-B3A3-03A0-9976B3E17B5F}.Release|Win32.ActiveCfg = Release|Win32
		{12350606-1351-B3A3-03A0-9976B3E17B5F}.Release|Win32.Build.0 = Release|Win32
		{161908BA-AB03-702C-020B-CDD3FCC2BF84}.Release|x64.ActiveCfg = Release|x64
		{161908BA-AB03-702C-020B-CDD3FCC2BF84}.Release|x64.Build.0 = Release|x64
		{161908BA-AB03-702C-020B-CDD3FCC2BF84}.Debug|Win32.ActiveCfg = Debug|Win32
		{161908BA-AB03-702C-020B-CDD3FCC2BF84}.Debug|Win32.Build.0 = Debug|Win32
		{161908BA-AB03-702C-020B-CDD3FCC2BF84}.Debug|x64.ActiveCfg = Debug|x64
		{161908BA-AB03-702C-020B-CDD3FCC2BF84}.Debug|x64.Build.0 = Debug|x64
		{161908BA-AB03-702C-020B-CDD3FCC2BF84}.Release|Win32.ActiveCfg = Release|Win32
		{161908BA-AB03-702C-020B-CDD3FCC2BF84}.Release|Win32.Build.0 = Release|Win32
		{177933EC-5E7A-96A1-6DB8-B5D03EE46034}.Release|x64.ActiveCfg = Release|x64
		{177933EC-5E7A-96A1-6DB8-B5D03EE46034}.Release|x64.Build.0 = Release|x64
		{177933EC-5E7A-96A1-6DB8-B5D03EE46034}.Debug|Win32.ActiveCfg = Debug|Win32
		{177933EC-5E7A-96A1-6DB8-B5D03EE46034}.Debug|Win32.Build.0 = Debug|Win32
		{177933EC-5E7A-96A1-6DB8-B5D03EE46034}.Debug|x64.ActiveCfg = Debug|x64
		{177933EC-5E7A-96A1-6DB8-B5D03EE46034}.Debug|x64.Build.0 = Debug|x64
		{177933EC-5E7A-96A1-6DB8-B5D03EE46034}.Release|Win32.ActiveCfg = Release|Win32
		{177933EC-5E7A-96A1-6DB8-B5D03EE46034}.Release|Win32.Build.0 = Release|Win32
		{1BA9BE62-DC85-3877-6439-7F8F779D1362}.Release|x64.ActiveCfg = Release|x64
		{1BA9BE62-DC85-3877-6439-7F8F779D1362}.Release|x64.Build.0 = Release|x64
		{1BA9BE62-DC85-3877-6439-7F8F779D1362}.Debug|Win32.ActiveCfg = Debug|Win32
		{1BA9BE62-DC85-3877-6439-7F8F779D1362}.Debug|Win32.Build.0 = Debug|Win32
		{1BA9BE62-DC85-3877-6439-7F8F779D1362}.Debug|x64.ActiveCfg = Debug|x64
		{1BA9BE62-DC85-3877-6439-7F8F779D1362}.Debug|x64.Build.0 = Debug|x64
		{1BA9BE62-DC85-3877-6439-7F8F779D1362}.Release|Win32.ActiveCfg = Release|Win32
		{1BA9BE62-DC85-3877-6439-7F8F779D1362}.Release|Win32.Build.0 = Release|Win32
		{1FCB4AEA-1026-23ED-C7AB-5B3F3DB8C7C1}.Release|x64.ActiveCfg = Release|x64
		{1FCB4AEA-1026-23ED-C7AB-5B3F3DB8C7C1}.Release|x64.Build.0 = Release|x64
		{1FCB4AEA-1026-23ED-C7AB-5B3F3DB8C7C1}.Debug|Win32.ActiveCfg = Debug|Win32
		{1FCB4AEA-1026-23ED-C7AB-5B3F3DB8C7C1}.Debug|Win32.Build.0 = Debug|Win32
		{1FCB4AEA-1026-23ED-C7AB-5B3F3DB8C7C1}.Debug|x64.ActiveCfg = Debug|x64
		{1FCB4AEA-1026-23ED-C7AB-5B3F3DB8C7C1}.Debug|x64.Build.0 = Debug|x64
		{1FCB4AEA-1026-23ED-C7AB-5B3F3DB8C7C1}.Release|Win32.ActiveCfg = Release|Win32
		{1FCB4AEA-1026-23ED-C7AB-5B3F3DB8C7C1}.Release|Win32.Build.0 = Release|Win32
		{25E7F57A-F0F3-941F-6E73-1D42AB039499}.Release|x64.ActiveCfg = Release|x64
		{25E7F57A-F0F3-941F-6E73-1D42AB039499}.Release|x64.Build.0 = Release|x64
		{25E7F57A-F0F3-941F-6E73-1D42AB039499}.Debug|Win32.ActiveCfg = Debug|Win32
		{25E7F57A-F0F3-941F-6E73-1D42AB039499}.Debug|Win32.Build.0 = Debug|Win32
		{25E7F57A-F0F3-941F-6E73-1D42AB039499}.Debug|x64.ActiveCfg = Debug|x64
		{25E7F57A-F0F3-941F-6E73-1D42AB039499}.Debug|x64.Build.0 = Debug|x64
		{25E7F57A-F0F3-941F-6E73-1D42AB039499}.Release|Win32.ActiveCfg = Release|Win32
		{25E7F57A-F0F3-941F-6E73-1D42AB039499}.Release|Win32.Build.0 = Release|Win32
		{341C17EA-D828-225C-2A61-B5F654E0C321}.Release|x64.ActiveCfg = Release|x64
		{341C17EA-D828-225C-2A61-B5F654E0C321}.Release|x64.Build.0 = Release|x64
		{341C17EA-D828-225C-2A61-B5F654E0C321}.Debug|Win32.ActiveCfg = Debug|Win32
		{341C17EA-D828-225C-2A61-B5F654E0C321}.Debug|Win32.Build.0 = Debug|Win32
		{341C17EA-D828-225C-2A61-B5F654E0C321}.Debug|x64.ActiveCfg = Debug|x64
		{341C17EA-D828-225C-2A61-B5F654E0C321}.Debug|x64.Build.0 = Debug|x64
		{341C17EA-D828-225C-2A61-B5F654E0C321}.Release|Win32.ActiveCfg = Release|Win32
		{341C17EA-D828-225C-2A61-B5F654E0C321}.Release|Win32.Build.0 = Release|Win32
		{366F942F-2800-778F-8575-6C7023354B74}.Release|x64.ActiveCfg = Release|x64
		{366F942F-2800-778F-8575-6C7023354B74}.Release|x64.Build.0 = Release|x64
		{366F942F-2800-778F-8575-6C7023354B74}.Debug|Win32.ActiveCfg = Debug|Win32
		{366F942F-2800-778F-8575-6C7023354B74}.Debug|Win32.Build.0 = Debug|Win32
		{366F942F-2800-778F-8575-6C7023354B74}.Debug|x64.ActiveCfg = Debug|x64
		{366F942F-2800-778F-8575-6C7023354B74}.Debug|x64.Build.0 = Debug|x64
		{366F942F-2800-778F-8575-6C7023354B74}.Release|Win32.ActiveCfg = Release|Win32
		{366F942F-2800-778F-8575-6C7023354B74}.Release|Win32.Build.0 = Release|Win32
		{41618958-492D-32CF-49B3-462E8F165A06}.Release|x64.ActiveCfg = Release|x64
		{41618958-492D-32CF-49B3-462E8F165A06}.Release|x64.Build.0 = Release|x64
		{41618958-492D-32CF-49B3-462E8F165A06}.Debug|Win32.ActiveCfg = Debug|Win32
		{41618958-492D-32CF-49B3-462E8F165A06}.Debug|Win32.Build.0 = Debug|Win32
		{41618958-492D-32CF-49B3-462E8F165A06}.Debug|x64.ActiveCfg = Debug|x64
		{41618958-492D-32CF-49B3-462E8F165A06}.Debug|x64.Build.0 = Debug|x64
		{41618958-492D-32CF-49B3-462E8F165A06}.Release|Win32.ActiveCfg = Release|Win32
		{41618958-492D-32CF-49B3-462E8F165A06}.Release|Win32.Build.0 = Release|Win32
		{442EF70C-A9E2-D85A-4B26-E145DBC6369C}.Release|x64.ActiveCfg = Release|x64
		{442EF70C-A9E2-D85A-4B26-E145DBC6369C}.Release|x64.Build.0 = Release|x64
		{442EF70C-A9E2-D85A-4B26-E145DBC6369C}.Debug|Win32.ActiveCfg = Debug|Win32
		{442EF70C-A9E2-D85A-4B26-E145DBC6369C}.Debug|Win32.Build.0 = Debug|Win32
		{442EF70C-A9E2-D85A-4B26-E145DBC6369C}.Debug|x64.ActiveCfg = Debug|x64
		{442EF70C-A9E2-D85A-4B26-E145DBC6369C}.Debug|x64.Build.0 = Debug|x64
		{442EF70C-A9E2-D85A-4B26-E145DBC6369C}.Release|Win32.ActiveCfg = Release|Win32
		{442EF70C-A9E2-D85A-4B26-E145DBC6369C}.Release|Win32.Build.0 = Release|Win32
		{48041177-09FD-87A9-F6B5-B9D5D7954ADE}.Release|x64.ActiveCfg = Release|x64
		{48041177-09FD-87A9-F6B5-B9D5D7954ADE}.Release|x64.Build.0 = Release|x64
		{48041177-09FD-87A9-F6B5-B9D5D7954ADE}.Debug|Win32.ActiveCfg = Debug|Win32
		{48041177-09FD-87A9-F6B5-B9D5D7954ADE}.Debug|Win32.Build.0 = Debug|Win32
		{48041177-09FD-87A9-F6B5-B9D5D7954ADE}.Debug|x64.ActiveCfg = Debug|x64
		{48041177-09FD-87A9-F6B5-B9D5D7954ADE}.Debug|x64.Build.0 = Debug|x64
		{48041177-09FD-87A9-F6B5-B9D5D7954ADE}.Release|Win32.ActiveCfg = Release|Win32
		{48041177-09FD-87A9-F6B5-B9D5D7954ADE}.Release|Win32.Build.0 = Release|Win32
		{4963A5A2-B975-EDFE-ED34-A4537CE781EE}.Release|x64.ActiveCfg = Release|x64
		{4963A5A2-B975-EDFE-ED34-A4537CE781EE}.Release|x64.Build.0 = Release|x64
		{4963A5A2-B975-EDFE-ED34-A4537CE781EE}.Debug|Win32.ActiveCfg = Debug|Win32
		{4963A5A2-B975-EDFE-ED34-A4537CE781EE}.Debug|Win32.Build.0 = Debug|Win32
		{4963A5A2-B975-EDFE-ED34-A4537CE781EE}.Debug|x64.ActiveCfg = Debug|x64
		{4963A5A2-B975-EDFE-ED34-A4537CE781EE}.Debug|x64.Build.0 = Debug|x64
		{4963A5A2-B975-EDFE-ED34-A4537CE781EE}.Release|Win32.ActiveCfg = Release|Win32
		{4963A5A2-B975-EDFE-ED34-A4537CE781EE}.Release|Win32.Build.0 = Release|Win32
		{4B1C2751-58EF-CDD4-8799-67A67A431EC7}.Release|x64.ActiveCfg = Release|x64
		{4B1C2751-58EF-CDD4-8799-67A67A431EC7}.Release|x64.Build.0 = Release|x64
		{4B1C2751-58EF-CDD4-8799-67A67A431EC7}.Debug|Win32.ActiveCfg = Debug|Win32
		{4B1C2751-58EF-CDD4-8799-67A67A431EC7}.Debug|Win32.Build.0 = Debug|Win32
		{4B1C2751-58EF-CDD4-8799-67A67A431EC7}.Debug|x64.ActiveCfg = Debug|x64
		{4B1C2751-58EF-CDD4-8799-67A67A431EC7}.Debug|x64.Build.0 = Debug|x64
		{4B1C2751-58EF-CDD4-8799-67A67A431EC7}.Release|Win32.ActiveCfg = Release|Win32
		{4B1C2751-58EF-CDD4-8799-67A67A431EC7}.Release|Win32.Build.0 = Release|Win32
		{4E20A0BD-67F6-8188-7AB4-BA26DB3A774F}.Release|x64.ActiveCfg = Release|x64
		{4E20A0BD-67F6-8188-7AB4-BA26DB3A774F}.Release|x64.Build.0 = Release|x64
		{4E20A0BD-67F6-8188-7AB4-BA26DB3A774F}.Debug|Win32.ActiveCfg = Debug|Win32
		{4E20A0BD-67F6-8188-7AB4-BA26DB3A774F}.Debug|Win32.Build.0 = Debug|Win32
		{4E20A0BD-67F6-8188-7AB4-BA26DB3A774F}.Debug|x64.ActiveCfg = Debug|x64
		{4E20A0BD-67F6-8188-7AB4-BA26DB3A774F}.Debug|x64.Build.0 = Debug|x64
		{4E20A0BD-67F6-8188-7AB4-BA26DB3A774F}.Release|Win32.ActiveCfg = Release|Win32
		{4E20A0BD-67F6-8188-7AB4-BA26DB3A774F}.Release|Win32.Build.0 = Release|Win32
		{553E6A63-3517-D85C-C3AF-18CADDE6EB74}.Release|x64.ActiveCfg = Release|x64
		{553E6A63-3517-D85C-C3AF-18CADDE6EB74}.Release|x64.Build.0 = Release|x64
		{553E6A63-3517-D85C-C3AF-18CADDE6EB74}.Debug|Win32.ActiveCfg = Debug|Win32
		{553E6A63-3517-D85C-C3AF-18CADDE6EB74}.Debug|Win32.Build.0 = Debug|Win32
		{553E6A63-3517-D85C-C3AF-18CADDE6EB74}.Debug|x64.ActiveCfg = Debug|x64
		{553E6A63-3517-D85C-C3AF-18CADDE6EB74}.Debug|x64.Build.0 = Debug|x64
		{553E6A63-3517-D85C-C3AF-18CADDE6EB74}.Release|Win32.ActiveCfg = Release|Win32
		{553E6A63-3517-D85C-C3AF-18CADDE6EB74}.Release|Win32.Build.0 = Release|Win32
		{56B0265B-1DD5-ED91-AA73-05CFB44FCBF6}.Release|x64.ActiveCfg = Release|x64
		{56B0265B-1DD5-ED91-AA73-05CFB44FCBF6}.Release|x64.Build.0 = Release|x64
		{56B0265B-1DD5-ED91-AA73-05CFB44FCBF6}.Debug|Win32.ActiveCfg = Debug|Win32
		{56B0265B-1DD5-ED91-AA73-05CFB44FCBF6}.Debug|Win32.Build.0 = Debug|Win32
		{56B0265B-1DD5-ED91-AA73-05CFB44FCBF6}.Debug|x64.ActiveCfg = Debug|x64
		{56B0265B-1DD5-ED91-AA73-05CFB44FCBF6}.Debug|x64.Build.0 = Debug|x64
		{56B0265B-1DD5-ED91-AA73-05CFB44FCBF6}.Release|Win32.ActiveCfg = Release|Win32
		{56B0265B-1DD5-ED91-AA73-05CFB44FCBF6}.Release|Win32.Build.0 = Release|Win32
		{58F1D0EE-1438-67FB-5055-67D60992F466}.Release|x64.ActiveCfg = Release|x64
		{58F1D0EE-1438-67FB-5055-67D60992F466}.Release|x64.Build.0 = Release|x64
		{58F1D0EE-1438-67FB-5055-67D60992F466}.Debug|Win32.ActiveCfg = Debug|Win32
		{58F1D0EE-1438-67FB-5055-67D60992F466}.Debug|Win32.Build.0 = Debug|Win32
		{58F1D0EE-1438-67FB-5055-67D60992F466}.Debug|x64.ActiveCfg = Debug|x64
		{58F1D0EE-1438-67FB-5055-67D60992F466}.Debug|x64.Build.0 = Debug|x64
		{58F1D0EE-1438-67FB-5055-67D60992F466}.Release|Win32.ActiveCfg = Release|Win32
		{58F1D0EE-1438-67FB-5055-67D60992F466}.Release|Win32.Build.0 = Release|Win32
		{591F8657-A1DB-4F32-C229-1F76F865F7DA}.Release|x64.ActiveCfg = Release|x64
		{591F8657-A1DB-4F32-C229-1F76F865F7DA}.Release|x64.Build.0 = Release|x64
		{591F8657-A1DB-4F32-C229-1F76F865F7DA}.Debug|Win32.ActiveCfg = Debug|Win32
		{591F8657-A1DB-4F32-C229-1F76F865F7DA}.Debug|Win32.Build.0 = Debug|Win32
		{591F8657-A1DB-4F32-C229-1F76F865F7DA}.Debug|x64.ActiveCfg = Debug|x64
		{591F8657-A1DB-4F32-C229-1F76F865F7DA}.Debug|x64.Build.0 = Debug|x64
		{591F8657-A1DB-4F32-C229-1F76F865F7DA}.Release|Win32.ActiveCfg = Release|Win32
		{591F8657-A1DB-4F32-C229-1F76F865F7DA}.Release|Win32.Build.0 = Release|Win32
		{5F19BA4A-AA17-DF39-8954-EE75EAA3986D}.Release|x64.ActiveCfg = Release|x64
		{5F19BA4A-AA17-DF39-8954-EE75EAA3986D}.Release|x64.Build.0 = Release|x64
		{5F19BA4A-AA17-DF39-8954-EE75EAA3986D}.Debug|Win32.ActiveCfg = Debug|Win32
		{5F19BA4A-AA17-DF39-8954-EE75EAA3986D}.Debug|Win32.Build.0 = Debug|Win32
		{5F19BA4A-AA17-DF39-8954-EE75EAA3986D}.Debug|x64.ActiveCfg = Debug|x64
		{5F19BA4A-AA17-DF39-8954-EE75EAA3986D}.Debug|x64.Build.0 = Debug|x64
		{5F19BA4A-AA17-DF39-8954-EE75EAA3986D}.Release|Win32.ActiveCfg = Release|Win32
		{5F19BA4A-AA17-DF39-8954-EE75EAA3986D}.Release|Win32.Build.0 = Release|Win32
		{5F8D8819-7373-80B5-F1CF-D779E158BF60}.Release|x64.ActiveCfg = Release|x64
		{5F8D8819-7373-80B5-F1CF-D779E158BF60}.Release|x64.Build.0 = Release|x64
		{5F8D8819-7373-80B5-F1CF-D779E158BF60}.Debug|Win32.ActiveCfg = Debug|Win32
		{5F8D8819-7373-80B5-F1CF-D779E158BF60}.Debug|Win32.Build.0 = Debug|Win32
		{5F8D8819-7373-80B5-F1CF-D779E158BF60}.Debug|x64.ActiveCfg = Debug|x64
		{5F8D8819-7373-80B5-F1CF-D779E158BF60}.Debug|x64.Build.0 = Debug|x64
		{5F8D8819-7373-80B5-F1CF-D779E158BF60}.Release|Win32.ActiveCfg = Release|Win32
		{5F8D8819-7373-80B5-F1CF-D779E158BF60}.Release|Win32.Build.0 = Release|Win32
		{697BA84F-589A-9A20-1A24-0650830CD6EE}.Release|x64.ActiveCfg = Release|x64
		{697BA84F-589A-9A20-1A24-0650830CD6EE}.Release|x64.Build.0 = Release|x64
		{697BA84F-589A-9A20-1A24-0650830CD6EE}.Debug|Win32.ActiveCfg = Debug|Win32
		{697BA84F-589A-9A20-1A24-0650830CD6EE}.Debug|Win32.Build.0 = Debug|Win32
		{697BA84F-589A-9A20-1A24-0650830CD6EE}.Debug|x64.ActiveCfg = Debug|x64
		{697BA84F-589A-9A20-1A24-0650830CD6EE}.Debug|x64.Build.0 = Debug|x64
		{697BA84F-589A-9A20-1A24-0650830CD6EE}.Release|Win32.ActiveCfg = Release|Win32
		{697BA84F-589A-9A20-1A24-0650830CD6EE}.Release|Win32.Build.0 = Release|Win32
		{6EBE03AA-E16A-F851-C823-8627B212D61C}.Release|x64.ActiveCfg = Release|x64
		{6EBE03AA-E16A-F851-C823-8627B212D61C}.Release|x64.Build.0 = Release|x64
		{6EBE03AA-E16A-F851-C823-8627B212D61C}.Debug|Win32.ActiveCfg = Debug|Win32
		{6EBE03AA-E16A-F851-C823-8627B212D61C}.Debug|Win32.Build.0 = Debug|Win32
		{6EBE03AA-E16A-F851-C823-8627B212D61C}.Debug|x64.ActiveCfg = Debug|x64
		{6EBE03AA-E16A-F851-C823-8627B212D61C}.Debug|x64.Build.0 = Debug|x64
		{6EBE03AA-E16A-F851-C823-8627B212D61C}.Release|Win32.ActiveCfg = Release|Win32
		{6EBE03AA-E16A-F851-C823-8627B212D61C}.Release|Win32.Build.0 = Release|Win32
		{6EE6B94A-3655-2D4C-12F8-1663F8D7B7D5}.Release|x64.ActiveCfg = Release|x64
		{6EE6B94A-3655-2D4C-12F8-1663F8D7B7D5}.Release|x64.Build.0 = Release|x64
		{6EE6B94A-3655-2D4C-12F8-1663F8D7B7D5}.Debug|Win32.ActiveCfg = Debug|Win32
		{6EE6B94A-3655-2D4C-12F8-1663F8D7B7D5}.Debug|Win32.Build.0 = Debug|Win32
		{6EE6B94A-3655-2D4C-12F8-1663F8D7B7D5}.Debug|x64.ActiveCfg = Debug|x64
		{6EE6B94A-3655-2D4C-12F8-1663F8D7B7D5}.Debug|x64.Build.0 = Debug|x64
		{6EE6B94A-3655-2D4C-12F8-1663F8D7B7D5}.Release|Win32.ActiveCfg = Release|Win32
		{6EE6B94A-3655-2D4C-12F8-1663F8D7B7D5}.Release|Win32.Build.0 = Release|Win32
		{726FC020-FB76-E915-D270-CDCD382D7BE1}.Release|x64.ActiveCfg = Release|x64
		{726FC020-FB76-E915-D270-CDCD382D7BE1}.Release|x64.Build.0 = Release|x64
		{726FC020-FB76-E915-D270-CDCD382D7BE1}.Debug|Win32.ActiveCfg = Debug|Win32
		{726FC020-FB76-E915-D270-CDCD382D7BE1}.Debug|Win32.Build.0 = Debug|Win32
		{726FC020-FB76-E915-D270-CDCD382D7BE1}.Debug|x64.ActiveCfg = Debug|x64
		{726FC020-FB76-E915-D270-CDCD382D7BE1}.Debug|x64.Build.0 = Debug|x64
		{726FC020-FB76-E915-D270-CDCD382D7BE1}.Release|Win32.ActiveCfg = Release|Win32
		{726FC020-FB76-E915-D270-CDCD382D7BE1}.Release|Win32.Build.0 = Release|Win32
		{72D97AC6-20D5-DC70-038E-38FE2BF221A8}.Release|x64.ActiveCfg = Release|x64
		{72D97AC6-20D5-DC70-038E-38FE2BF221A8}.Release|x64.Build.0 = Release|x64
		{72D97AC6-20D5-DC70-038E-38FE2BF221A8}.Debug|Win32.ActiveCfg = Debug|Win32
		{72D97AC6-20D5-DC70-038E-38FE2BF221A8}.Debug|Win32.Build.0 = Debug|Win32
		{72D97AC6-20D5-DC70-038E-38FE2BF221A8}.Debug|x64.ActiveCfg = Debug|x64
		{72D97AC6-20D5-DC70-038E-38FE2BF221A8}.Debug|x64.Build.0 = Debug|x64
		{72D97AC6-20D5-DC70-038E-38FE2BF221A8}.Release|Win32.ActiveCfg = Release|Win32
		{72D97AC6-20D5-DC70-038E-38FE2BF221A8}.Release|Win32.Build.0 = Release|Win32
		{72DCFCB9-2E3A-EDF7-FE61-A2C55E0E37D7}.Release|x64.ActiveCfg = Release|x64
		{72DCFCB9-2E3A-EDF7-FE61-A2C55E0E37D7}.Release|x64.Build.0 = Release|x64
		{72DCFCB9-2E3A-EDF7-FE61-A2C55E0E37D7}.Debug|Win32.ActiveCfg = Debug|Win32
		{72DCFCB9-2E3A-EDF7-FE61-A2C55E0E37D7}.Debug|Win32.Build.0 = Debug|Win32
		{72DCFCB9-2E3A-EDF7-FE61-A2C55E0E37D7}.Debug|x64.ActiveCfg = Debug|x64
		{72DCFCB9-2E3A-EDF7-FE61-A2C55E0E37D7}.Debug|x64.Build.0 = Debug|x64
		{72DCFCB9-2E3A-EDF7-FE61-A2C55E0E37D7}.Release|Win32.ActiveCfg = Release|Win32
		{72DCFCB9-2E3A-EDF7-FE61-A2C55E0E37D7}.Release|Win32.Build.0 = Release|Win32
		{7590F580-4979-811B-141C-5DF7C295146A}.Release|x64.ActiveCfg = Release|x64
		{7590F580-4979-811B-141C-5DF7C295146A}.Release|x64.Build.0 = Release|x64
		{7590F580-4979-811B-141C-5DF7C295146A}.Debug|Win32.ActiveCfg = Debug|Win32
		{7590F580-4979-811B-141C-5DF7C295146A}.Debug|Win32.Build.0 = Debug|Win32
		{7590F580-4979-811B-141C-5DF7C295146A}.Debug|x64.ActiveCfg = Debug|x64
		{7590F580-4979-811B-141C-5DF7C295146A}.Debug|x64.Build.0 = Debug|x64
		{7590F580-4979-811B-141C-5DF7C295146A}.Release|Win32.ActiveCfg = Release|Win32
		{7590F580-4979-811B-141C-5DF7C295146A}.Release|Win32.Build.0 = Release|Win32
		{77A6B94F-88C0-5876-AE79-F6EB687A6381}.Release|x64.ActiveCfg = Release|x64
		{77A6B94F-88C0-5876-AE79-F6EB687A6381}.Release|x64.Build.0 = Release|x64
		{77A6B94F-88C0-5876-AE79-F6EB687A6381}.Debug|Win32.ActiveCfg = Debug|Win32
		{77A6B94F-88C0-5876-AE79-F6EB687A6381}.Debug|Win32.Build.0 = Debug|Win32
		{77A6B94F-88C0-5876-AE79-F6EB687A6381}.Debug|x64.ActiveCfg = Debug|x64
		{77A6B94F-88C0-5876-AE79-F6EB687A6381}.Debug|x64.Build.0 = Debug|x64
		{77A6B94F-88C0-5876-AE79-F6EB687A6381}.Release|Win32.ActiveCfg = Release|Win32
		{77A6B94F-88C0-5876-AE79-F6EB687A6381}.Release|Win32.Build.0 = Release|Win32
		{7A0C5EE0-C175-62DE-2829-A46BBC8CF9CB}.Release|x64.ActiveCfg = Release|x64
		{7A0C5EE0-C175-62DE-2829-A46BBC8CF9CB}.Release|x64.Build.0 = Release|x64
		{7A0C5EE0-C175-62DE-2829-A46BBC8CF9CB}.Debug|Win32.ActiveCfg = Debug|Win32
		{7A0C5EE0-C175-62DE-2829-A46BBC8CF9CB}.Debug|Win32.Build.0 = Debug|Win32
		{7A0C5EE0-C175-62DE-2829-A46BBC8CF9CB}.Debug|x64.ActiveCfg = Debug|x64
		{7A0C5EE0-C175-62DE-2829-A46BBC8CF9CB}.Debug|x64.Build.0 = Debug|x64
		{7A0C5EE0-C175-62DE-2829-A46BBC8CF9CB}.Release|Win32.ActiveCfg = Release|Win32
		{7A0C5EE0-C175-62DE-2829-A46BBC8CF9CB}.Release|Win32.Build.0 = Release|Win32
		{89689CDD-9EE1-09BA-3C98-5D734CBCF867}.Release|x64.ActiveCfg = Release|x64
		{89689CDD-9EE1-09BA-3C98-5D734CBCF867}.Release|x64.Build.0 = Release|x64
		{89689CDD-9EE1-09BA-3C98-5D734CBCF867}.Debug|Win32.ActiveCfg = Debug|Win32
		{89689CDD-9EE1-09BA-3C98-5D734CBCF867}.Debug|Win32.Build.0 = Debug|Win32
		{89689CDD-9EE1-09BA-3C98-5D734CBCF867}.Debug|x64.ActiveCfg = Debug|x64
		{89689CDD-9EE1-09BA-3C98-5D734CBCF867}.Debug|x64.Build.0 = Debug|x64
		{89689CDD-9EE1-09BA-3C98-5D734CBCF867}.Release|Win32.ActiveCfg = Release|Win32
		{89689CDD-9EE1-09BA-3C98-5D734CBCF867}.Release|Win32.Build.0 = Release|Win32
		{8CFCD0A6-AC4A-888A-5576-4186830ED722}.Release|x64.ActiveCfg = Release|x64
		{8CFCD0A6-AC4A-888A-5576-4186830ED722}.Release|x64.Build.0 = Release|x64
		{8CFCD0A6-AC4A-888A-5576-4186830ED722}.Debug|Win32.ActiveCfg = Debug|Win32
		{8CFCD0A6-AC4A-888A-5576-4186830ED722}.Debug|Win32.Build.0 = Debug|Win32
		{8CFCD0A6-AC4A-888A-5576-4186830ED722}.Debug|x64.ActiveCfg = Debug|x64
		{8CFCD0A6-AC4A-888A-5576-4186830ED722}.Debug|x64.Build.0 = Debug|x64
		{8CFCD0A6-AC4A-888A-5576-4186830ED722}.Release|Win32.ActiveCfg = Release|Win32
		{8CFCD0A6-AC4A-888A-5576-4186830ED722}.Release|Win32.Build.0 = Release|Win32
		{902FD989-6235-F40C-8600-0FA921C70442}.Release|x64.ActiveCfg = Release|x64
		{902FD989-6235-F40C-8600-0FA921C70442}.Release|x64.Build.0 = Release|x64
		{902FD989-6235-F40C-8600-0FA921C70442}.Debug|Win32.ActiveCfg = Debug|Win32
		{902FD989-6235-F40C-8600-0FA921C70442}.Debug|Win32.Build.0 = Debug|Win32
		{902FD989-6235-F40C-8600-0FA921C70442}.Debug|x64.ActiveCfg = Debug|x64
		{902FD989-6235-F40C-8600-0FA921C70442}.Debug|x64.Build.0 = Debug|x64
		{902FD989-6235-F40C-8600-0FA921C70442}.Release|Win32.ActiveCfg = Release|Win32
		{902FD989-6235-F40C-8600-0FA921C70442}.Release|Win32.Build.0 = Release|Win32
		{A57DD036-30D8-B68A-7251-BAB71EE9CB08}.Release|x64.ActiveCfg = Release|x64
		{A57DD036-30D8-B68A-7251-BAB71EE9CB08}.Release|x64.Build.0 = Release|x64
		{A57DD036-30D8-B68A-7251-BAB71EE9CB08}.Debug|Win32.ActiveCfg = Debug|Win32
		{A57DD036-30D8-B68A-7251-BAB71EE9CB08}.Debug|Win32.Build.0 = Debug|Win32
		{A57DD036-30D8-B68A-7251-BAB71EE9CB08}.Debug|x64.ActiveCfg = Debug|x64
		{A57DD036-30D8-B68A-7251-BAB71EE9CB08}.Debug|x64.Build.0 = Debug|x64
		{A57DD036-30D8-B68A-7251-BAB71EE9CB08}.Release|Win32.ActiveCfg = Release|Win32
		{A57DD036-30D8-B68A-7251-BAB71EE9CB08}.Release|Win32.Build.0 = Release|Win32
		{A9085670-341F-A544-A4D8-567358B858E4}.Release|x64.ActiveCfg = Release|x64
		{A9085670-341F-A544-A4D8-567358B858E4}.Release|x64.Build.0 = Release|x64
		{A9085670-341F-A544-A4D8-567358B858E4}.Debug|Win32.ActiveCfg = Debug|Win32
		{A9085670-341F-A544-A4D8-567358B858E4}.Debug|Win32.Build.0 = Debug|Win32
		{A9085670-341F-A544-A4D8-567358B858E4}.Debug|x64.ActiveCfg = Debug|x64
		{A9085670-341F-A544-A4D8-567358B858E4}.Debug|x64.Build.0 = Debug|x64
		{A9085670-341F-A544-A4D8-567358B858E4}.Release|Win32.ActiveCfg = Release|Win32
		{A9085670-341F-A544-A4D8-567358B858E4}.Release|Win32.Build.0 = Release|Win32
		{AC0583F5-4FA3-6F46-60F9-A23BA2481081}.Release|x64.ActiveCfg = Release|x64
		{AC0583F5-4FA3-6F46-60F9-A23BA2481081}.Release|x64.Build.0 = Release|x64
		{AC0583F5-4FA3-6F46-60F9-A23BA2481081}.Debug|Win32.ActiveCfg = Debug|Win32
		{AC0583F5-4FA3-6F46-60F9-A23BA2481081}.Debug|Win32.Build.0 = Debug|Win32
		{AC0583F5-4FA3-6F46-60F9-A23BA2481081}.Debug|x64.ActiveCfg = Debug|x64
		{AC0583F5-4FA3-6F46-60F9-A23BA2481081}.Debug|x64.Build.0 = Debug|x64
		{AC0583F5-4FA3-6F46-60F9-A23BA2481081}.Release|Win32.ActiveCfg = Release|Win32
		{AC0583F5-4FA3-6F46-60F9-A23BA2481081}.Release|Win32.Build.0 = Release|Win32
		{AF1AFD39-49B4-3134-9F33-0E91A1DA66A3}.Release|x64.ActiveCfg = Release|x64
		{AF1AFD39-49B4-3134-9F33-0E91A1DA66A3}.Release|x64.Build.0 = Release|x64
		{AF1AFD39-49B4-3134-9F33-0E91A1DA66A3}.Debug|Win32.ActiveCfg = Debug|Win32
		{AF1AFD39-49B4-3134-9F33-0E91A1DA66A3}.Debug|Win32.Build.0 = Debug|Win32
		{AF1AFD39-49B4-3134-9F33-0E91A1DA66A3}.Debug|x64.ActiveCfg = Debug|x64
		{AF1AFD39-49B4-3134-9F33-0E91A1DA66A3}.Debug|x64.Build.0 = Debug|x64
		{AF1AFD39-49B4-3134-9F33-0E91A1DA66A3}.Release|Win32.ActiveCfg = Release|Win32
		{AF1AFD39-49B4-3134-9F33-0E91A1DA66A3}.Release|Win32.Build.0 = Release|Win32
		{AF542A37-483A-FD38-C210-773E698549BF}.Release|x64.ActiveCfg = Release|x64
		{AF542A37-483A-FD38-C210-773E698549BF}.Release|x64.Build.0 = Release|x64
		{AF542A37-483A-FD38-C210-773E698549BF}.Debug|Win32.ActiveCfg = Debug|Win32
		{AF542A37-483A-FD38-C210-773E698549BF}.Debug|Win32.Build.0 = Debug|Win32
		{AF542A37-483A-FD38-C210-773E698549BF}.Debug|x64.ActiveCfg = Debug|x64
		{AF542A37-483A-FD38-C210-773E698549BF}.Debug|x64.Build.0 = Debug|x64
		{AF542A37-483A-FD38-C210-773E698549BF}.Release|Win32.ActiveCfg = Release|Win32
		{AF542A37-483A-FD38-C210-773E698549BF}.Release|Win32.Build.0 = Release|Win32
		{B251B3D6-9154-872B-F049-5285E5319D4F}.Release|x64.ActiveCfg = Release|x64
		{B251B3D6-9154-872B-F049-5285E5319D4F}.Release|x64.Build.0 = Release|x64
		{B251B3D6-9154-872B-F049-5285E5319D4F}.Debug|Win32.ActiveCfg = Debug|Win32
		{B251B3D6-9154-872B-F049-5285E5319D4F}.Debug|Win32.Build.0 = Debug|Win32
		{B251B3D6-9154-872B-F049-5285E5319D4F}.Debug|x64.ActiveCfg = Debug|x64
		{B251B3D6-9154-872B-F049-5285E5319D4F}.Debug|x64.Build.0 = Debug|x64
		{B251B3D6-9154-872B-F049-5285E5319D4F}.Release|Win32.ActiveCfg = Release|Win32
		{B251B3D6-9154-872B-F049-5285E5319D4F}.Release|Win32.Build.0 = Release|Win32
		{B3FFD49C-AACB-5DBF-5DAC-247755367DF8}.Release|x64.ActiveCfg = Release|x64
		{B3FFD49C-AACB-5DBF-5DAC-247755367DF8}.Release|x64.Build.0 = Release|x64
		{B3FFD49C-AACB-5DBF-5DAC-247755367DF8}.Debug|Win32.ActiveCfg = Debug|Win32
		{B3FFD49C-AACB-5DBF-5DAC-247755367DF8}.Debug|Win32.Build.0 = Debug|Win32
		{B3FFD49C-AACB-5DBF-5DAC-247755367DF8}.Debug|x64.ActiveCfg = Debug|x64
		{B3FFD49C-AACB-5DBF-5DAC-247755367DF8}.Debug|x64.Build.0 = Debug|x64
		{B3FFD49C-AACB-5DBF-5DAC-247755367DF8}.Release|Win32.ActiveCfg = Release|Win32
		{B3FFD49C-AACB-5DBF-5DAC-247755367DF8}.Release|Win32.Build.0 = Release|Win32
		{BA8F101B-5CCE-A7DF-C92B-903CCCB2603E}.Release|x64.ActiveCfg = Release|x64
		{BA8F101B-5CCE-A7DF-C92B-903CCCB2603E}.Release|x64.Build.0 = Release|x64
		{BA8F101B-5CCE-A7DF-C92B-903CCCB2603E}.Debug|Win32.ActiveCfg = Debug|Win32
		{BA8F101B-5CCE-A7DF-C92B-903CCCB2603E}.Debug|Win32.Build.0 = Debug|Win32
		{BA8F101B-5CCE-A7DF-C92B-903CCCB2603E}.Debug|x64.ActiveCfg = Debug|x64
		{BA8F101B-5CCE-A7DF-C92B-903CCCB2603E}.Debug|x64.Build.0 = Debug|x64
		{BA8F101B-5CCE-A7DF-C92B-903CCCB2603E}.Release|Win32.ActiveCfg = Release|Win32
		{BA8F101B-5CCE-A7DF-C92B-903CCCB2603E}.Release|Win32.Build.0 = Release|Win32
		{C21DD463-E675-C45E-3BB5-7085BBA4C50D}.Release|x64.ActiveCfg = Release|x64
		{C21DD463-E675-C45E-3BB5-7085BBA4C50D}.Release|x64.Build.0 = Release|x64
		{C21DD463-E675-C45E-3BB5-7085BBA4C50D}.Debug|Win32.ActiveCfg = Debug|Win32
		{C21DD463-E675-C45E-3BB5-7085BBA4C50D}.Debug|Win32.Build.0 = Debug|Win32
		{C21DD463-E675-C45E-3BB5-7085BBA4C50D}.Debug|x64.ActiveCfg = Debug|x64
		{C21DD463-E675-C45E-3BB5-7085BBA4C50D}.Debug|x64.Build.0 = Debug|x64
		{C21DD463-E675-C45E-3BB5-7085BBA4C50D}.Release|Win32.ActiveCfg = Release|Win32
		{C21DD463-E675-C45E-3BB5-7085BBA4C50D}.Release|Win32.Build.0 = Release|Win32
		{C46FABD2-CF31-0C3D-02B8-FBD58AAB8E57}.Release|x64.ActiveCfg = Release|x64
		{C46FABD2-CF31-0C3D-02B8-FBD58AAB8E57}.Release|x64.Build.0 = Release|x64
		{C46FABD2-CF31-0C3D-02B8-FBD58AAB8E57}.Debug|Win32.ActiveCfg = Debug|Win32
		{C46FABD2-CF31-0C3D-02B8-FBD58AAB8E57}.Debug|Win32.Build.0 = Debug|Win32
		{C46FABD2-CF31-0C3D-02B8-FBD58AAB8E57}.Debug|x64.ActiveCfg = Debug|x64
		{C46FABD2-CF31-0C3D-02B8-FBD58AAB8E57}.Debug|x64.Build.0 = Debug|x64
		{C46FABD2-CF31-0C3D-02B8-FBD58AAB8E57}.Release|Win32.ActiveCfg = Release|Win32
		{C46FABD2-CF31-0C3D-02B8-FBD58AAB8E57}.Release|Win32.Build.0 = Release|Win32
		{C91377CA-D284-3FE1-00CC-5EC1DFBFA0F4}.Release|x64.ActiveCfg = Release|x64
		{C91377CA-D284-3FE1-00CC-5EC1DFBFA0F4}.Release|x64.Build.0 = Release|x64
		{C91377CA-D284-3FE1-00CC-5EC1DFBFA0F4}.Debug|Win32.ActiveCfg = Debug|Win32
		{C91377CA-D284-3FE1-00CC-5EC1DFBFA0F4}.Debug|Win32.Build.0 = Debug|Win32
		{C91377CA-D284-3FE1-00CC-5EC1DFBFA0F4}.Debug|x64.ActiveCfg = Debug|x64
		{C91377CA-D284-3FE1-00CC-5EC1DFBFA0F4}.Debug|x64.Build.0 = Debug|x64
		{C91377CA-D284-3FE1-00CC-5EC1DFBFA0F4}.Release|Win32.ActiveCfg = Release|Win32
		{C91377CA-D284-3FE1-00CC-5EC1DFBFA0F4}.Release|Win32.Build.0 = Release|Win32
		{CBBB14C8-AAA0-F8D8-5CFD-9CDFF0891BDE}.Release|x64.ActiveCfg = Release|x64
		{CBBB14C8-AAA0-F8D8-5CFD-9CDFF0891BDE}.Release|x64.Build.0 = Release|x64
		{CBBB14C8-AAA0-F8D8-5CFD-9CDFF0891BDE}.Debug|Win32.ActiveCfg = Debug|Win32
		{CBBB14C8-AAA0-F8D8-5CFD-9CDFF0891BDE}.Debug|Win32.Build.0 = Debug|Win32
		{CBBB14C8-AAA0-F8D8-5CFD-9CDFF0891BDE}.Debug|x64.ActiveCfg = Debug|x64
		{CBBB14C8-AAA0-F8D8-5CFD-9CDFF0891BDE}.Debug|x64.Build.0 = Debug|x64
		{CBBB14C8-AAA0-F8D8-5CFD-9CDFF0891BDE}.Release|Win32.ActiveCfg = Release|Win32
		{CBBB14C8-AAA0-F8D8-5CFD-9CDFF0891BDE}.Release|Win32.Build.0 = Release|Win32
		{CCA661F7-BEA7-FC6A-C0F0-B702F3CB3C78}.Release|x64.ActiveCfg = Release|x64
		{CCA661F7-BEA7-FC6A-C0F0-B702F3CB3C78}.Release|x64.Build.0 = Release|x64
		{CCA661F7-BEA7-FC6A-C0F0-B702F3CB3C78}.Debug|Win32.ActiveCfg = Debug|Win32
		{CCA661F7-BEA7-FC6A-C0F0-B702F3CB3C78}.Debug|Win32.Build.0 = Debug|Win32
		{CCA661F7-BEA7-FC6A-C0F0-B702F3CB3C78}.Debug|x64.ActiveCfg = Debug|x64
		{CCA661F7-BEA7-FC6A-C0F0-B702F3CB3C78}.Debug|x64.Build.0 = Debug|x64
		{CCA661F7-BEA7-FC6A-C0F0-B702F3CB3C78}.Release|Win32.ActiveCfg = Release|Win32
		{CCA661F7-BEA7-FC6A-C0F0-B702F3CB3C78}.Release|Win32.Build.0 = Release|Win32
		{DC151AB1-6B87-E2A7-3237-8A709F4BD17B}.Release|x64.ActiveCfg = Release|x64
		{DC151AB1-6B87-E2A7-3237-8A709F4BD17B}.Release|x64.Build.0 = Release|x64
		{DC151AB1-6B87-E2A7-3237-8A709F4BD17B}.Debug|Win32.ActiveCfg = Debug|Win32
		{DC151AB1-6B87-E2A7-3237-8A709F4BD17B}.Debug|Win32.Build.0 = Debug|Win32
		{DC151AB1-6B87-E2A7-3237-8A709F4BD17B}.Debug|x64.ActiveCfg = Debug|x64
		{DC151AB1-6B87-E2A7-3237-8A709F4BD17B}.Debug|x64.Build.0 = Debug|x64
		{DC151AB1-6B87-E2A7-3237-8A709F4BD17B}.Release|Win32.ActiveCfg = Release|Win32
		{DC151AB1-6B87-E2A7-3237-8A709F4BD17B}.Release|Win32.Build.0 = Release|Win32
		{DE9589E0-97A2-5F52-D90A-A51DA9220E5D}.Release|x64.ActiveCfg = Release|x64
		{DE9589E0-97A2-5F52-D90A-A51DA9220E5D}.Release|x64.Build.0 = Release|x64
		{DE9589E0-97A2-5F52-D90A-A51DA9220E5D}.Debug|Win32.ActiveCfg = Debug|Win32
		{DE9589E0-97A2-5F52-D90A-A51DA9220E5D}.Debug|Win32.Build.0 = Debug|Win32
		{DE9589E0-97A2-5F52-D90A-A51DA9220E5D}.Debug|x64.ActiveCfg = Debug|x64
		{DE9589E0-97A2-5F52-D90A-A51DA9220E5D}.Debug|x64.Build.0 = Debug|x64
		{DE9589E0-97A2-5F52-D90A-A51DA9220E5D}.Release|Win32.ActiveCfg = Release|Win32
		{DE9589E0-97A2-5F52-D90A-A51DA9220E5D}.Release|Win32.Build.0 = Release|Win32
		{E0BC47B4-3625-C8F0-0970-977294E3A6C6}.Release|x64.ActiveCfg = Release|x64
		{E0BC47B4-3625-C8F0-0970-977294E3A6C6}.Release|x64.Build.0 = Release|x64
		{E0BC47B4-3625-C8F0-0970-977294E3A6C6}.Debug|Win32.ActiveCfg = Debug|Win32
		{E0BC47B4-3625-C8F0-0970-977294E3A6C6}.Debug|Win32.Build.0 = Debug|Win32
		{E0BC47B4-3625-C8F0-0970-977294E3A6C6}.Debug|x64.ActiveCfg = Debug|x64
		{E0BC47B4-3625-C8F0-0970-977294E3A6C6}.Debug|x64.Build.0 = Debug|x64
		{E0BC47B4-3625-C8F0-0970-977294E3A6C6}.Release|Win32.ActiveCfg = Release|Win32
		{E0BC47B4-3625-C8F0-0970-977294E3A6C6}.Release|Win32.Build.0 = Release|Win32
		{E34CB1D6-CBC4-72A3-9732-0AC0E20C76AA}.Release|x64.ActiveCfg = Release|x64
		{E34CB1D6-CBC4-72A3-9732-0AC0E20C76AA}.Release|x64.Build.0 = Release|x64
		{E34CB1D6-CBC4-72A3-9732-0AC0E20C76AA}.Debug|Win32.ActiveCfg = Debug|Win32
		{E34CB1D6-CBC4-72A3-9732-0AC0E20C76AA}.Debug|Win32.Build.0 = Debug|Win32
		{E34CB1D6-CBC4-72A3-9732-0AC0E20C76AA}.Debug|x64.ActiveCfg = Debug|x64
		{E34CB1D6-CBC4-72A3-9732-0AC0E20C76AA}.Debug|x64.Build.0 = Debug|x64
		{E34CB1D6-CBC4-72A3-9732-0AC0E20C76AA}.Release|Win32.ActiveCfg = Release|Win32
		{E34CB1D6-CBC4-72A3-9732-0AC0E20C76AA}.Release|Win32.Build.0 = Release|Win32
		{E5C7533B-58D9-22E2-5BD5-29CB661693A4}.Release|x64.ActiveCfg = Release|x64
		{E5C7533B-58D9-22E2-5BD5-29CB661693A4}.Release|x64.Build.0 = Release|x64
		{E5C7533B-58D9-22E2-5BD5-29CB661693A4}.Debug|Win32.ActiveCfg = Debug|Win32
		{E5C7533B-58D9-22E2-5BD5-29CB661693A4}.Debug|Win32.Build.0 = Debug|Win32
		{E5C7533B-58D9-22E2-5BD5-29CB661693A4}.Debug|x64.ActiveCfg = Debug|x64
		{E5C7533B-58D9-22E2-5BD5-29CB661693A4}.Debug|x64.Build.0 = Debug|x64
		{E5C7533B-58D9-22E2-5BD5-29CB661693A4}.Release|Win32.ActiveCfg = Release|Win32
		{E5C7533B-58D9-22E2-5BD5-29CB661693A4}.Release|Win32.Build.0 = Release|Win32
		{E9935C95-3291-F762-793A-E1603A68220A}.Release|x64.ActiveCfg = Release|x64
		{E9935C95-3291-F762-793A-E1603A68220A}.Release|x64.Build.0 = Release|x64
		{E9935C95-3291-F762-793A-E1603A68220A}.Debug|Win32.ActiveCfg = Debug|Win32
		{E9935C95-3291-F762-793A-E1603A68220A}.Debug|Win32.Build.0 = Debug|Win32
		{E9935C95-3291-F762-793A-E1603A68220A}.Debug|x64.ActiveCfg = Debug|x64
		{E9935C95-3291-F762-793A-E1603A68220A}.Debug|x64.Build.0 = Debug|x64
		{E9935C95-3291-F762-793A-E1603A68220A}.Release|Win32.ActiveCfg = Release|Win32
		{E9935C95-3291-F762-793A-E1603A68220A}.Release|Win32.Build.0 = Release|Win32
		{EC90D6EF-B375-3A83-5A29-CFBFB88ECDFC}.Release|x64.ActiveCfg = Release|x64
		{EC90D6EF-B375-3A83-5A29-CFBFB88ECDFC}.Release|x64.Build.0 = Release|x64
		{EC90D6EF-B375-3A83-5A29-CFBFB88ECDFC}.Debug|Win32.ActiveCfg = Debug|Win32
		{EC90D6EF-B375-3A83-5A29-CFBFB88ECDFC}.Debug|Win32.Build.0 = Debug|Win32
		{EC90D6EF-B375-3A83-5A29-CFBFB88ECDFC}.Debug|x64.ActiveCfg = Debug|x64
		{EC90D6EF-B375-3A83-5A29-CFBFB88ECDFC}.Debug|x64.Build.0 = Debug|x64
		{EC90D6EF-B375-3A83-5A29-CFBFB88ECDFC}.Release|Win32.ActiveCfg = Release|Win32
		{EC90D6EF-B375-3A83-5A29-CFBFB88ECDFC}.Release|Win32.Build.0 = Release|Win32
		{F4C04D4F-862A-B991-191C-3130EE0383A9}.Release|x64.ActiveCfg = Release|x64
		{F4C04D4F-862A-B991-191C-3130EE0383A9}.Release|x64.Build.0 = Release|x64
		{F4C04D4F-862A-B991-191C-3130EE0383A9}.Debug|Win32.ActiveCfg = Debug|Win32
		{F4C04D4F-862A-B991-191C-3130EE0383A9}.Debug|Win32.Build.0 = Debug|Win32
		{F4C04D4F-862A-B991-191C-3130EE0383A9}.Debug|x64.ActiveCfg = Debug|x64
		{F4C04D4F-862A-B991-191C-3130EE0383A9}.Debug|x64.Build.0 = Debug|x64
		{F4C04D4F-862A-B991-191C-3130EE0383A9}.Release|Win32.ActiveCfg = Release|Win32
		{F4C04D4F-862A-B991-191C-3130EE0383A9}.Release|Win32.Build.0 = Release|Win32
		{F7A4254F-CE5E-2B23-E2FE-BA460478442D}.Release|x64.ActiveCfg = Release|x64
		{F7A4254F-CE5E-2B23-E2FE-BA460478442D}.Release|x64.Build.0 = Release|x64
		{F7A4254F-CE5E-2B23-E2FE-BA460478442D}.Debug|Win32.ActiveCfg = Debug|Win32
		{F7A4254F-CE5E-2B23-E2FE-BA460478442D}.Debug|Win32.Build.0 = Debug|Win32
		{F7A4254F-CE5E-2B23-E2FE-BA460478442D}.Debug|x64.ActiveCfg = Debug|x64
		{F7A4254F-CE5E-2B23-E2FE-BA460478442D}.Debug|x64.Build.0 = Debug|x64
		{F7A4254F-CE5E-2B23-E2FE-BA460478442D}.Release|Win32.ActiveCfg = Release|Win32
		{F7A4254F-CE5E-2B23-E2FE-BA460478442D}.Release|Win32.Build.0 = Release|Win32
		{FB78A4EF-7A3D-E65A-FCA4-BA82E8D44F88}.Release|x64.ActiveCfg = Release|x64
		{FB78A4EF-7A3D-E65A-FCA4-BA82E8D44F88}.Release|x64.Build.0 = Release|x64
		{FB78A4EF-7A3D-E65A-FCA4-BA82E8D44F88}.Debug|Win32.ActiveCfg = Debug|Win32
		{FB78A4EF-7A3D-E65A-FCA4-BA82E8D44F88}.Debug|Win32.Build.0 = Debug|Win32
		{FB78A4EF-7A3D-E65A-FCA4-BA82E8D44F88}.Debug|x64.ActiveCfg = Debug|x64
		{FB78A4EF-7A3D-E65A-FCA4-BA82E8D44F88}.Debug|x64.Build.0 = Debug|x64
		{FB78A4EF-7A3D-E65A-FCA4-BA82E8D44F88}.Release|Win32.ActiveCfg = Release|Win32
		{FB78A4EF-7A3D-E65A-FCA4-BA82E8D44F88}.Release|Win32.Build.0 = Release|Win32
	EndGlobalSection
	GlobalSection(SolutionProperties) = preSolution
		HideSolutionNode = FALSE
	EndGlobalSection
	GlobalSection(NestedProjects) = preSolution
		{5FA337A4-A4B8-0DFF-54B7-11AF37917B53} = {B4099936-46EF-B0C3-5A31-AE0F2D636A29}
		{4B1C2751-58EF-CDD4-8799-67A67A431EC7} = {F4DBC581-D1BC-0F15-B59D-4DD93B16A165}
		{5F8D8819-7373-80B5-F1CF-D779E158BF60} = {F4DBC581-D1BC-0F15-B59D-4DD93B16A165}
		{CBBB14C8-AAA0-F8D8-5CFD-9CDFF0891BDE} = {F4DBC581-D1BC-0F15-B59D-4DD93B16A165}
		{25E7F57A-F0F3-941F-6E73-1D42AB039499} = {A9EB8559-7015-13E0-0462-D9901FC693FD}
		{902FD989-6235-F40C-8600-0FA921C70442} = {B881B030-1C2B-0D06-F74A-9A16B0B8657E}
		{177933EC-5E7A-96A1-6DB8-B5D03EE46034} = {B881B030-1C2B-0D06-F74A-9A16B0B8657E}
		{41618958-492D-32CF-49B3-462E8F165A06} = {B881B030-1C2B-0D06-F74A-9A16B0B8657E}
		{DE9589E0-97A2-5F52-D90A-A51DA9220E5D} = {B881B030-1C2B-0D06-F74A-9A16B0B8657E}
		{E9935C95-3291-F762-793A-E1603A68220A} = {B881B030-1C2B-0D06-F74A-9A16B0B8657E}
		{1129EF10-A8C4-0CE3-A02C-280FB3F2A1BD} = {D7F6AEC4-7DF6-3BA0-9018-2938860660D1}
		{F4C04D4F-862A-B991-191C-3130EE0383A9} = {D7F6AEC4-7DF6-3BA0-9018-2938860660D1}
		{89689CDD-9EE1-09BA-3C98-5D734CBCF867} = {D7F6AEC4-7DF6-3BA0-9018-2938860660D1}
		{56B0265B-1DD5-ED91-AA73-05CFB44FCBF6} = {D7F6AEC4-7DF6-3BA0-9018-2938860660D1}
		{161908BA-AB03-702C-020B-CDD3FCC2BF84} = {D7F6AEC4-7DF6-3BA0-9018-2938860660D1}
		{DC151AB1-6B87-E2A7-3237-8A709F4BD17B} = {D7F6AEC4-7DF6-3BA0-9018-2938860660D1}
		{5F19BA4A-AA17-DF39-8954-EE75EAA3986D} = {D7F6AEC4-7DF6-3BA0-9018-2938860660D1}
		{E5C7533B-58D9-22E2-5BD5-29CB661693A4} = {D7F6AEC4-7DF6-3BA0-9018-2938860660D1}
		{341C17EA-D828-225C-2A61-B5F654E0C321} = {D7F6AEC4-7DF6-3BA0-9018-2938860660D1}
		{726FC020-FB76-E915-D270-CDCD382D7BE1} = {D7F6AEC4-7DF6-3BA0-9018-2938860660D1}
		{059F9BD4-EF7C-45D2-D468-05BBAF1F77A2} = {D7F6AEC4-7DF6-3BA0-9018-2938860660D1}
		{1FCB4AEA-1026-23ED-C7AB-5B3F3DB8C7C1} = {D7F6AEC4-7DF6-3BA0-9018-2938860660D1}
		{697BA84F-589A-9A20-1A24-0650830CD6EE} = {D7F6AEC4-7DF6-3BA0-9018-2938860660D1}
		{6EBE03AA-E16A-F851-C823-8627B212D61C} = {D7F6AEC4-7DF6-3BA0-9018-2938860660D1}
		{AF542A37-483A-FD38-C210-773E698549BF} = {D7F6AEC4-7DF6-3BA0-9018-2938860660D1}
		{553E6A63-3517-D85C-C3AF-18CADDE6EB74} = {D7F6AEC4-7DF6-3BA0-9018-2938860660D1}
		{442EF70C-A9E2-D85A-4B26-E145DBC6369C} = {D7F6AEC4-7DF6-3BA0-9018-2938860660D1}
		{48041177-09FD-87A9-F6B5-B9D5D7954ADE} = {D7F6AEC4-7DF6-3BA0-9018-2938860660D1}
		{AF1AFD39-49B4-3134-9F33-0E91A1DA66A3} = {D7F6AEC4-7DF6-3BA0-9018-2938860660D1}
		{AC0583F5-4FA3-6F46-60F9-A23BA2481081} = {D7F6AEC4-7DF6-3BA0-9018-2938860660D1}
		{C21DD463-E675-C45E-3BB5-7085BBA4C50D} = {D7F6AEC4-7DF6-3BA0-9018-2938860660D1}
		{72DCFCB9-2E3A-EDF7-FE61-A2C55E0E37D7} = {D7F6AEC4-7DF6-3BA0-9018-2938860660D1}
		{B251B3D6-9154-872B-F049-5285E5319D4F} = {D7F6AEC4-7DF6-3BA0-9018-2938860660D1}
		{E0BC47B4-3625-C8F0-0970-977294E3A6C6} = {D7F6AEC4-7DF6-3BA0-9018-2938860660D1}
		{0C58267D-0E20-C250-9233-0F052A4E0ACD} = {FF6C6E0D-F605-D848-8A79-B0ED90BBDB2F}
		{CCA661F7-BEA7-FC6A-C0F0-B702F3CB3C78} = {FF6C6E0D-F605-D848-8A79-B0ED90BBDB2F}
		{72D97AC6-20D5-DC70-038E-38FE2BF221A8} = {FF6C6E0D-F605-D848-8A79-B0ED90BBDB2F}
		{02D22F17-FF28-15FE-59C2-7DE99730061D} = {38B7683E-6F16-B5E1-5F7D-9D2F85A33684}
		{38B7683E-6F16-B5E1-5F7D-9D2F85A33684} = {C22DCE09-BE8E-C79C-FFD0-C3927B546C91}
		{BA8F101B-5CCE-A7DF-C92B-903CCCB2603E} = {46835DB2-71BA-66C0-5A55-04D9E2C70AA8}
		{0A83BE20-E81D-2683-5C2F-8BA70437BD35} = {46835DB2-71BA-66C0-5A55-04D9E2C70AA8}
		{C91377CA-D284-3FE1-00CC-5EC1DFBFA0F4} = {46835DB2-71BA-66C0-5A55-04D9E2C70AA8}
		{0AD72142-EFE0-2A22-7D10-6A293AD25A19} = {EAC80D00-01D2-3F49-A377-20B7154947F3}
		{366F942F-2800-778F-8575-6C7023354B74} = {EAC80D00-01D2-3F49-A377-20B7154947F3}
		{F7A4254F-CE5E-2B23-E2FE-BA460478442D} = {EAC80D00-01D2-3F49-A377-20B7154947F3}
		{A9EB8559-7015-13E0-0462-D9901FC693FD} = {89C816A7-DD31-D54C-C69C-5A80E0C49B77}
		{B881B030-1C2B-0D06-F74A-9A16B0B8657E} = {89C816A7-DD31-D54C-C69C-5A80E0C49B77}
		{FF6C6E0D-F605-D848-8A79-B0ED90BBDB2F} = {89C816A7-DD31-D54C-C69C-5A80E0C49B77}
		{AC6A79C6-25A5-8535-37D4-DCE797519D55} = {89C816A7-DD31-D54C-C69C-5A80E0C49B77}
		{A57DD036-30D8-B68A-7251-BAB71EE9CB08} = {89C816A7-DD31-D54C-C69C-5A80E0C49B77}
		{FB78A4EF-7A3D-E65A-FCA4-BA82E8D44F88} = {89C816A7-DD31-D54C-C69C-5A80E0C49B77}
		{12350606-1351-B3A3-03A0-9976B3E17B5F} = {89C816A7-DD31-D54C-C69C-5A80E0C49B77}
		{B4099936-46EF-B0C3-5A31-AE0F2D636A29} = {1129EF10-A8C4-0CE3-A02C-280FB3F2A1BD}
		{8CFCD0A6-AC4A-888A-5576-4186830ED722} = {C6072D03-1C5B-73BF-5FBE-CBC33489C980}
		{58F1D0EE-1438-67FB-5055-67D60992F466} = {C6072D03-1C5B-73BF-5FBE-CBC33489C980}
		{B3FFD49C-AACB-5DBF-5DAC-247755367DF8} = {C6072D03-1C5B-73BF-5FBE-CBC33489C980}
		{C46FABD2-CF31-0C3D-02B8-FBD58AAB8E57} = {C6072D03-1C5B-73BF-5FBE-CBC33489C980}
		{77A6B94F-88C0-5876-AE79-F6EB687A6381} = {C6072D03-1C5B-73BF-5FBE-CBC33489C980}
		{7A0C5EE0-C175-62DE-2829-A46BBC8CF9CB} = {5FA337A4-A4B8-0DFF-54B7-11AF37917B53}
		{F4DBC581-D1BC-0F15-B59D-4DD93B16A165} = {FB3E20CC-9516-F7D2-EFF7-C27ABDCA54B9}
		{D7F6AEC4-7DF6-3BA0-9018-2938860660D1} = {FB3E20CC-9516-F7D2-EFF7-C27ABDCA54B9}
		{C22DCE09-BE8E-C79C-FFD0-C3927B546C91} = {FB3E20CC-9516-F7D2-EFF7-C27ABDCA54B9}
		{46835DB2-71BA-66C0-5A55-04D9E2C70AA8} = {FB3E20CC-9516-F7D2-EFF7-C27ABDCA54B9}
		{C6072D03-1C5B-73BF-5FBE-CBC33489C980} = {FB3E20CC-9516-F7D2-EFF7-C27ABDCA54B9}
		{A9085670-341F-A544-A4D8-567358B858E4} = {FB3E20CC-9516-F7D2-EFF7-C27ABDCA54B9}
		{E34CB1D6-CBC4-72A3-9732-0AC0E20C76AA} = {AC6A79C6-25A5-8535-37D4-DCE797519D55}
		{591F8657-A1DB-4F32-C229-1F76F865F7DA} = {AC6A79C6-25A5-8535-37D4-DCE797519D55}
		{EC90D6EF-B375-3A83-5A29-CFBFB88ECDFC} = {AC6A79C6-25A5-8535-37D4-DCE797519D55}
		{6EE6B94A-3655-2D4C-12F8-1663F8D7B7D5} = {AC6A79C6-25A5-8535-37D4-DCE797519D55}
		{1BA9BE62-DC85-3877-6439-7F8F779D1362} = {AC6A79C6-25A5-8535-37D4-DCE797519D55}
		{7590F580-4979-811B-141C-5DF7C295146A} = {AC6A79C6-25A5-8535-37D4-DCE797519D55}
		{4963A5A2-B975-EDFE-ED34-A4537CE781EE} = {AC6A79C6-25A5-8535-37D4-DCE797519D55}
		{06F686ED-9E10-C4CA-20C0-3F9375F475F5} = {AC6A79C6-25A5-8535-37D4-DCE797519D55}
		{043E58E2-93EB-743E-3C0C-DD445570E53F} = {AC6A79C6-25A5-8535-37D4-DCE797519D55}
		{4E20A0BD-67F6-8188-7AB4-BA26DB3A774F} = {AC6A79C6-25A5-8535-37D4-DCE797519D55}
	EndGlobalSection
EndGlobal
